// !$*UTF8*$!
{
	archiveVersion = 1;
	classes = {
	};
	objectVersion = 50;
	objects = {

/* Begin PBXBuildFile section */
		04B8439E2477BDB500902367 /* FavoritesView.swift in Sources */ = {isa = PBXBuildFile; fileRef = 04B8439D2477BDB500902367 /* FavoritesView.swift */; };
		04B843A02477BDBA00902367 /* Assets.xcassets in Resources */ = {isa = PBXBuildFile; fileRef = 04B8439F2477BDBA00902367 /* Assets.xcassets */; };
		04B843A32477BDBA00902367 /* Preview Assets.xcassets in Resources */ = {isa = PBXBuildFile; fileRef = 04B843A22477BDBA00902367 /* Preview Assets.xcassets */; };
		04B843A62477BDBA00902367 /* LaunchScreen.storyboard in Resources */ = {isa = PBXBuildFile; fileRef = 04B843A42477BDBA00902367 /* LaunchScreen.storyboard */; };
		04B843B12477BDBA00902367 /* SUITests.swift in Sources */ = {isa = PBXBuildFile; fileRef = 04B843B02477BDBA00902367 /* SUITests.swift */; };
		04B843BC2477BDBA00902367 /* SUIUITests.swift in Sources */ = {isa = PBXBuildFile; fileRef = 04B843BB2477BDBA00902367 /* SUIUITests.swift */; };
		04B8443E2477DEC800902367 /* maple-french-toast@2x.jpg in Resources */ = {isa = PBXBuildFile; fileRef = 04B843CA2477DEC700902367 /* maple-french-toast@2x.jpg */; };
		04B8443F2477DEC800902367 /* mushroom-tagliatelle-thumb@3x.jpg in Resources */ = {isa = PBXBuildFile; fileRef = 04B843CB2477DEC700902367 /* mushroom-tagliatelle-thumb@3x.jpg */; };
		04B844402477DEC800902367 /* strawberry-surprise-thumb@2x.jpg in Resources */ = {isa = PBXBuildFile; fileRef = 04B843CC2477DEC700902367 /* strawberry-surprise-thumb@2x.jpg */; };
		04B844412477DEC800902367 /* virgin-mojito@3x.jpg in Resources */ = {isa = PBXBuildFile; fileRef = 04B843CD2477DEC700902367 /* virgin-mojito@3x.jpg */; };
		04B844422477DEC800902367 /* pesto-farfalle-thumb@2x.jpg in Resources */ = {isa = PBXBuildFile; fileRef = 04B843CE2477DEC700902367 /* pesto-farfalle-thumb@2x.jpg */; };
		04B844432477DEC800902367 /* fresh-baked-croissant@2x.jpg in Resources */ = {isa = PBXBuildFile; fileRef = 04B843CF2477DEC700902367 /* fresh-baked-croissant@2x.jpg */; };
		04B844442477DEC800902367 /* thai-red-curry@2x.jpg in Resources */ = {isa = PBXBuildFile; fileRef = 04B843D02477DEC700902367 /* thai-red-curry@2x.jpg */; };
		04B844452477DEC800902367 /* macarons-galore-thumb@2x.jpg in Resources */ = {isa = PBXBuildFile; fileRef = 04B843D12477DEC700902367 /* macarons-galore-thumb@2x.jpg */; };
		04B844462477DEC800902367 /* power-muesli@2x.jpg in Resources */ = {isa = PBXBuildFile; fileRef = 04B843D22477DEC700902367 /* power-muesli@2x.jpg */; };
		04B844472477DEC800902367 /* mexican-mocha-thumb@2x.jpg in Resources */ = {isa = PBXBuildFile; fileRef = 04B843D32477DEC700902367 /* mexican-mocha-thumb@2x.jpg */; };
		04B844482477DEC800902367 /* mexican-mocha-thumb@3x.jpg in Resources */ = {isa = PBXBuildFile; fileRef = 04B843D42477DEC700902367 /* mexican-mocha-thumb@3x.jpg */; };
		04B844492477DEC800902367 /* power-muesli@3x.jpg in Resources */ = {isa = PBXBuildFile; fileRef = 04B843D52477DEC700902367 /* power-muesli@3x.jpg */; };
		04B8444A2477DEC800902367 /* macarons-galore-thumb@3x.jpg in Resources */ = {isa = PBXBuildFile; fileRef = 04B843D62477DEC700902367 /* macarons-galore-thumb@3x.jpg */; };
		04B8444B2477DEC800902367 /* thai-red-curry@3x.jpg in Resources */ = {isa = PBXBuildFile; fileRef = 04B843D72477DEC700902367 /* thai-red-curry@3x.jpg */; };
		04B8444C2477DEC800902367 /* fresh-baked-croissant@3x.jpg in Resources */ = {isa = PBXBuildFile; fileRef = 04B843D82477DEC700902367 /* fresh-baked-croissant@3x.jpg */; };
		04B8444D2477DEC800902367 /* pesto-farfalle-thumb@3x.jpg in Resources */ = {isa = PBXBuildFile; fileRef = 04B843D92477DEC700902367 /* pesto-farfalle-thumb@3x.jpg */; };
		04B8444E2477DEC800902367 /* virgin-mojito@2x.jpg in Resources */ = {isa = PBXBuildFile; fileRef = 04B843DA2477DEC700902367 /* virgin-mojito@2x.jpg */; };
		04B8444F2477DEC800902367 /* strawberry-surprise-thumb@3x.jpg in Resources */ = {isa = PBXBuildFile; fileRef = 04B843DB2477DEC700902367 /* strawberry-surprise-thumb@3x.jpg */; };
		04B844502477DEC800902367 /* mushroom-tagliatelle-thumb@2x.jpg in Resources */ = {isa = PBXBuildFile; fileRef = 04B843DC2477DEC700902367 /* mushroom-tagliatelle-thumb@2x.jpg */; };
		04B844512477DEC800902367 /* maple-french-toast@3x.jpg in Resources */ = {isa = PBXBuildFile; fileRef = 04B843DD2477DEC700902367 /* maple-french-toast@3x.jpg */; };
		04B844522477DEC800902367 /* pepperoni-pizza@3x.jpg in Resources */ = {isa = PBXBuildFile; fileRef = 04B843DE2477DEC700902367 /* pepperoni-pizza@3x.jpg */; };
		04B844532477DEC800902367 /* cheese-toastie-thumb@3x.jpg in Resources */ = {isa = PBXBuildFile; fileRef = 04B843DF2477DEC700902367 /* cheese-toastie-thumb@3x.jpg */; };
		04B844542477DEC800902367 /* stack-o-pancakes-thumb@2x.jpg in Resources */ = {isa = PBXBuildFile; fileRef = 04B843E02477DEC700902367 /* stack-o-pancakes-thumb@2x.jpg */; };
		04B844552477DEC800902367 /* corn-on-the-cob@2x.jpg in Resources */ = {isa = PBXBuildFile; fileRef = 04B843E12477DEC700902367 /* corn-on-the-cob@2x.jpg */; };
		04B844562477DEC800902367 /* strawberry-cooler-thumb@2x.jpg in Resources */ = {isa = PBXBuildFile; fileRef = 04B843E22477DEC700902367 /* strawberry-cooler-thumb@2x.jpg */; };
		04B844572477DEC800902367 /* paella-alicante@2x.jpg in Resources */ = {isa = PBXBuildFile; fileRef = 04B843E32477DEC700902367 /* paella-alicante@2x.jpg */; };
		04B844582477DEC800902367 /* super-sundae-thumb@3x.jpg in Resources */ = {isa = PBXBuildFile; fileRef = 04B843E42477DEC700902367 /* super-sundae-thumb@3x.jpg */; };
		04B844592477DEC800902367 /* virgin-mojito-thumb@2x.jpg in Resources */ = {isa = PBXBuildFile; fileRef = 04B843E52477DEC700902367 /* virgin-mojito-thumb@2x.jpg */; };
		04B8445A2477DEC800902367 /* tower-burger-thumb@2x.jpg in Resources */ = {isa = PBXBuildFile; fileRef = 04B843E62477DEC700902367 /* tower-burger-thumb@2x.jpg */; };
		04B8445B2477DEC800902367 /* cheese-toastie@2x.jpg in Resources */ = {isa = PBXBuildFile; fileRef = 04B843E72477DEC700902367 /* cheese-toastie@2x.jpg */; };
		04B8445C2477DEC800902367 /* porridge-deluxe@2x.jpg in Resources */ = {isa = PBXBuildFile; fileRef = 04B843E82477DEC700902367 /* porridge-deluxe@2x.jpg */; };
		04B8445D2477DEC800902367 /* porridge-deluxe-thumb@3x.jpg in Resources */ = {isa = PBXBuildFile; fileRef = 04B843E92477DEC700902367 /* porridge-deluxe-thumb@3x.jpg */; };
		04B8445E2477DEC800902367 /* superfood-salad-thumb@2x.jpg in Resources */ = {isa = PBXBuildFile; fileRef = 04B843EA2477DEC700902367 /* superfood-salad-thumb@2x.jpg */; };
		04B8445F2477DEC800902367 /* tower-burger@3x.jpg in Resources */ = {isa = PBXBuildFile; fileRef = 04B843EB2477DEC700902367 /* tower-burger@3x.jpg */; };
		04B844602477DEC800902367 /* pesto-farfalle@3x.jpg in Resources */ = {isa = PBXBuildFile; fileRef = 04B843EC2477DEC700902367 /* pesto-farfalle@3x.jpg */; };
		04B844612477DEC800902367 /* stack-o-pancakes@2x.jpg in Resources */ = {isa = PBXBuildFile; fileRef = 04B843ED2477DEC700902367 /* stack-o-pancakes@2x.jpg */; };
		04B844622477DEC800902367 /* powerhouse-coffee@3x.jpg in Resources */ = {isa = PBXBuildFile; fileRef = 04B843EE2477DEC700902367 /* powerhouse-coffee@3x.jpg */; };
		04B844632477DEC800902367 /* power-muesli-thumb@2x.jpg in Resources */ = {isa = PBXBuildFile; fileRef = 04B843EF2477DEC700902367 /* power-muesli-thumb@2x.jpg */; };
		04B844642477DEC800902367 /* powerhouse-coffee-thumb@2x.jpg in Resources */ = {isa = PBXBuildFile; fileRef = 04B843F02477DEC700902367 /* powerhouse-coffee-thumb@2x.jpg */; };
		04B844652477DEC800902367 /* chrysanthemum-tea-thumb@3x.jpg in Resources */ = {isa = PBXBuildFile; fileRef = 04B843F12477DEC700902367 /* chrysanthemum-tea-thumb@3x.jpg */; };
		04B844662477DEC800902367 /* all-out-donuts@2x.jpg in Resources */ = {isa = PBXBuildFile; fileRef = 04B843F22477DEC700902367 /* all-out-donuts@2x.jpg */; };
		04B844672477DEC800902367 /* all-out-donuts@3x.jpg in Resources */ = {isa = PBXBuildFile; fileRef = 04B843F32477DEC700902367 /* all-out-donuts@3x.jpg */; };
		04B844682477DEC800902367 /* chrysanthemum-tea-thumb@2x.jpg in Resources */ = {isa = PBXBuildFile; fileRef = 04B843F42477DEC700902367 /* chrysanthemum-tea-thumb@2x.jpg */; };
		04B844692477DEC800902367 /* powerhouse-coffee-thumb@3x.jpg in Resources */ = {isa = PBXBuildFile; fileRef = 04B843F52477DEC700902367 /* powerhouse-coffee-thumb@3x.jpg */; };
		04B8446A2477DEC800902367 /* powerhouse-coffee@2x.jpg in Resources */ = {isa = PBXBuildFile; fileRef = 04B843F62477DEC700902367 /* powerhouse-coffee@2x.jpg */; };
		04B8446B2477DEC800902367 /* power-muesli-thumb@3x.jpg in Resources */ = {isa = PBXBuildFile; fileRef = 04B843F72477DEC700902367 /* power-muesli-thumb@3x.jpg */; };
		04B8446C2477DEC800902367 /* stack-o-pancakes@3x.jpg in Resources */ = {isa = PBXBuildFile; fileRef = 04B843F82477DEC700902367 /* stack-o-pancakes@3x.jpg */; };
		04B8446D2477DEC800902367 /* pesto-farfalle@2x.jpg in Resources */ = {isa = PBXBuildFile; fileRef = 04B843F92477DEC700902367 /* pesto-farfalle@2x.jpg */; };
		04B8446E2477DEC800902367 /* tower-burger@2x.jpg in Resources */ = {isa = PBXBuildFile; fileRef = 04B843FA2477DEC700902367 /* tower-burger@2x.jpg */; };
		04B8446F2477DEC800902367 /* superfood-salad-thumb@3x.jpg in Resources */ = {isa = PBXBuildFile; fileRef = 04B843FB2477DEC700902367 /* superfood-salad-thumb@3x.jpg */; };
		04B844702477DEC800902367 /* porridge-deluxe@3x.jpg in Resources */ = {isa = PBXBuildFile; fileRef = 04B843FC2477DEC700902367 /* porridge-deluxe@3x.jpg */; };
		04B844712477DEC800902367 /* porridge-deluxe-thumb@2x.jpg in Resources */ = {isa = PBXBuildFile; fileRef = 04B843FD2477DEC700902367 /* porridge-deluxe-thumb@2x.jpg */; };
		04B844722477DEC800902367 /* tower-burger-thumb@3x.jpg in Resources */ = {isa = PBXBuildFile; fileRef = 04B843FE2477DEC700902367 /* tower-burger-thumb@3x.jpg */; };
		04B844732477DEC800902367 /* cheese-toastie@3x.jpg in Resources */ = {isa = PBXBuildFile; fileRef = 04B843FF2477DEC700902367 /* cheese-toastie@3x.jpg */; };
		04B844742477DEC800902367 /* virgin-mojito-thumb@3x.jpg in Resources */ = {isa = PBXBuildFile; fileRef = 04B844002477DEC700902367 /* virgin-mojito-thumb@3x.jpg */; };
		04B844752477DEC800902367 /* super-sundae-thumb@2x.jpg in Resources */ = {isa = PBXBuildFile; fileRef = 04B844012477DEC700902367 /* super-sundae-thumb@2x.jpg */; };
		04B844762477DEC800902367 /* paella-alicante@3x.jpg in Resources */ = {isa = PBXBuildFile; fileRef = 04B844022477DEC700902367 /* paella-alicante@3x.jpg */; };
		04B844772477DEC800902367 /* strawberry-cooler-thumb@3x.jpg in Resources */ = {isa = PBXBuildFile; fileRef = 04B844032477DEC700902367 /* strawberry-cooler-thumb@3x.jpg */; };
		04B844782477DEC800902367 /* corn-on-the-cob@3x.jpg in Resources */ = {isa = PBXBuildFile; fileRef = 04B844042477DEC700902367 /* corn-on-the-cob@3x.jpg */; };
		04B844792477DEC800902367 /* stack-o-pancakes-thumb@3x.jpg in Resources */ = {isa = PBXBuildFile; fileRef = 04B844052477DEC700902367 /* stack-o-pancakes-thumb@3x.jpg */; };
		04B8447A2477DEC800902367 /* cheese-toastie-thumb@2x.jpg in Resources */ = {isa = PBXBuildFile; fileRef = 04B844062477DEC700902367 /* cheese-toastie-thumb@2x.jpg */; };
		04B8447B2477DEC800902367 /* pepperoni-pizza@2x.jpg in Resources */ = {isa = PBXBuildFile; fileRef = 04B844072477DEC700902367 /* pepperoni-pizza@2x.jpg */; };
		04B8447C2477DEC800902367 /* penne-carbonara@3x.jpg in Resources */ = {isa = PBXBuildFile; fileRef = 04B844082477DEC700902367 /* penne-carbonara@3x.jpg */; };
		04B8447D2477DEC800902367 /* chrysanthemum-tea@2x.jpg in Resources */ = {isa = PBXBuildFile; fileRef = 04B844092477DEC700902367 /* chrysanthemum-tea@2x.jpg */; };
		04B8447E2477DEC800902367 /* veggie-pizza@3x.jpg in Resources */ = {isa = PBXBuildFile; fileRef = 04B8440A2477DEC700902367 /* veggie-pizza@3x.jpg */; };
		04B8447F2477DEC800902367 /* veggie-pizza-thumb@3x.jpg in Resources */ = {isa = PBXBuildFile; fileRef = 04B8440B2477DEC700902367 /* veggie-pizza-thumb@3x.jpg */; };
		04B844802477DEC800902367 /* macarons-galore@3x.jpg in Resources */ = {isa = PBXBuildFile; fileRef = 04B8440C2477DEC700902367 /* macarons-galore@3x.jpg */; };
		04B844812477DEC800902367 /* maple-french-toast-thumb@2x.jpg in Resources */ = {isa = PBXBuildFile; fileRef = 04B8440D2477DEC700902367 /* maple-french-toast-thumb@2x.jpg */; };
		04B844822477DEC800902367 /* all-out-donuts-thumb@2x.jpg in Resources */ = {isa = PBXBuildFile; fileRef = 04B8440E2477DEC700902367 /* all-out-donuts-thumb@2x.jpg */; };
		04B844832477DEC800902367 /* thai-red-curry-thumb@2x.jpg in Resources */ = {isa = PBXBuildFile; fileRef = 04B8440F2477DEC700902367 /* thai-red-curry-thumb@2x.jpg */; };
		04B844842477DEC800902367 /* fresh-baked-croissant-thumb@2x.jpg in Resources */ = {isa = PBXBuildFile; fileRef = 04B844102477DEC700902367 /* fresh-baked-croissant-thumb@2x.jpg */; };
		04B844852477DEC800902367 /* full-english-thumb@3x.jpg in Resources */ = {isa = PBXBuildFile; fileRef = 04B844112477DEC700902367 /* full-english-thumb@3x.jpg */; };
		04B844862477DEC800902367 /* mexican-mocha@3x.jpg in Resources */ = {isa = PBXBuildFile; fileRef = 04B844122477DEC700902367 /* mexican-mocha@3x.jpg */; };
		04B844872477DEC800902367 /* strawberry-cooler@2x.jpg in Resources */ = {isa = PBXBuildFile; fileRef = 04B844132477DEC700902367 /* strawberry-cooler@2x.jpg */; };
		04B844882477DEC800902367 /* mushroom-tagliatelle@3x.jpg in Resources */ = {isa = PBXBuildFile; fileRef = 04B844142477DEC700902367 /* mushroom-tagliatelle@3x.jpg */; };
		04B844892477DEC800902367 /* straight-up-oj-thumb@2x.jpg in Resources */ = {isa = PBXBuildFile; fileRef = 04B844152477DEC700902367 /* straight-up-oj-thumb@2x.jpg */; };
		04B8448A2477DEC800902367 /* strawberry-surprise@2x.jpg in Resources */ = {isa = PBXBuildFile; fileRef = 04B844162477DEC700902367 /* strawberry-surprise@2x.jpg */; };
		04B8448B2477DEC800902367 /* strawberry-surprise@3x.jpg in Resources */ = {isa = PBXBuildFile; fileRef = 04B844172477DEC700902367 /* strawberry-surprise@3x.jpg */; };
		04B8448C2477DEC800902367 /* straight-up-oj-thumb@3x.jpg in Resources */ = {isa = PBXBuildFile; fileRef = 04B844182477DEC700902367 /* straight-up-oj-thumb@3x.jpg */; };
		04B8448D2477DEC800902367 /* mushroom-tagliatelle@2x.jpg in Resources */ = {isa = PBXBuildFile; fileRef = 04B844192477DEC700902367 /* mushroom-tagliatelle@2x.jpg */; };
		04B8448E2477DEC800902367 /* mexican-mocha@2x.jpg in Resources */ = {isa = PBXBuildFile; fileRef = 04B8441A2477DEC700902367 /* mexican-mocha@2x.jpg */; };
		04B8448F2477DEC800902367 /* strawberry-cooler@3x.jpg in Resources */ = {isa = PBXBuildFile; fileRef = 04B8441B2477DEC700902367 /* strawberry-cooler@3x.jpg */; };
		04B844902477DEC800902367 /* full-english-thumb@2x.jpg in Resources */ = {isa = PBXBuildFile; fileRef = 04B8441C2477DEC700902367 /* full-english-thumb@2x.jpg */; };
		04B844912477DEC800902367 /* fresh-baked-croissant-thumb@3x.jpg in Resources */ = {isa = PBXBuildFile; fileRef = 04B8441D2477DEC700902367 /* fresh-baked-croissant-thumb@3x.jpg */; };
		04B844922477DEC800902367 /* thai-red-curry-thumb@3x.jpg in Resources */ = {isa = PBXBuildFile; fileRef = 04B8441E2477DEC700902367 /* thai-red-curry-thumb@3x.jpg */; };
		04B844932477DEC800902367 /* all-out-donuts-thumb@3x.jpg in Resources */ = {isa = PBXBuildFile; fileRef = 04B8441F2477DEC700902367 /* all-out-donuts-thumb@3x.jpg */; };
		04B844942477DEC800902367 /* maple-french-toast-thumb@3x.jpg in Resources */ = {isa = PBXBuildFile; fileRef = 04B844202477DEC700902367 /* maple-french-toast-thumb@3x.jpg */; };
		04B844952477DEC800902367 /* macarons-galore@2x.jpg in Resources */ = {isa = PBXBuildFile; fileRef = 04B844212477DEC700902367 /* macarons-galore@2x.jpg */; };
		04B844962477DEC800902367 /* veggie-pizza@2x.jpg in Resources */ = {isa = PBXBuildFile; fileRef = 04B844222477DEC700902367 /* veggie-pizza@2x.jpg */; };
		04B844972477DEC800902367 /* veggie-pizza-thumb@2x.jpg in Resources */ = {isa = PBXBuildFile; fileRef = 04B844232477DEC700902367 /* veggie-pizza-thumb@2x.jpg */; };
		04B844982477DEC800902367 /* chrysanthemum-tea@3x.jpg in Resources */ = {isa = PBXBuildFile; fileRef = 04B844242477DEC700902367 /* chrysanthemum-tea@3x.jpg */; };
		04B844992477DEC800902367 /* penne-carbonara@2x.jpg in Resources */ = {isa = PBXBuildFile; fileRef = 04B844252477DEC700902367 /* penne-carbonara@2x.jpg */; };
		04B8449A2477DEC800902367 /* fillet-steak-thumb@2x.jpg in Resources */ = {isa = PBXBuildFile; fileRef = 04B844262477DEC700902367 /* fillet-steak-thumb@2x.jpg */; };
		04B8449B2477DEC800902367 /* straight-up-oj@2x.jpg in Resources */ = {isa = PBXBuildFile; fileRef = 04B844272477DEC700902367 /* straight-up-oj@2x.jpg */; };
		04B8449C2477DEC800902367 /* penne-carbonara-thumb@2x.jpg in Resources */ = {isa = PBXBuildFile; fileRef = 04B844282477DEC700902367 /* penne-carbonara-thumb@2x.jpg */; };
		04B8449D2477DEC800902367 /* super-sundae@3x.jpg in Resources */ = {isa = PBXBuildFile; fileRef = 04B844292477DEC700902367 /* super-sundae@3x.jpg */; };
		04B8449E2477DEC800902367 /* superfood-salad@3x.jpg in Resources */ = {isa = PBXBuildFile; fileRef = 04B8442A2477DEC700902367 /* superfood-salad@3x.jpg */; };
		04B8449F2477DEC800902367 /* paella-alicante-thumb@3x.jpg in Resources */ = {isa = PBXBuildFile; fileRef = 04B8442B2477DEC700902367 /* paella-alicante-thumb@3x.jpg */; };
		04B844A02477DEC800902367 /* pepperoni-pizza-thumb@2x.jpg in Resources */ = {isa = PBXBuildFile; fileRef = 04B8442C2477DEC700902367 /* pepperoni-pizza-thumb@2x.jpg */; };
		04B844A12477DEC800902367 /* full-english@3x.jpg in Resources */ = {isa = PBXBuildFile; fileRef = 04B8442D2477DEC700902367 /* full-english@3x.jpg */; };
		04B844A22477DEC800902367 /* corn-on-the-cob-thumb@2x.jpg in Resources */ = {isa = PBXBuildFile; fileRef = 04B8442E2477DEC700902367 /* corn-on-the-cob-thumb@2x.jpg */; };
		04B844A32477DEC800902367 /* fillet-steak@2x.jpg in Resources */ = {isa = PBXBuildFile; fileRef = 04B8442F2477DEC700902367 /* fillet-steak@2x.jpg */; };
		04B844A42477DEC800902367 /* fillet-steak@3x.jpg in Resources */ = {isa = PBXBuildFile; fileRef = 04B844302477DEC700902367 /* fillet-steak@3x.jpg */; };
		04B844A52477DEC800902367 /* corn-on-the-cob-thumb@3x.jpg in Resources */ = {isa = PBXBuildFile; fileRef = 04B844312477DEC700902367 /* corn-on-the-cob-thumb@3x.jpg */; };
		04B844A62477DEC800902367 /* full-english@2x.jpg in Resources */ = {isa = PBXBuildFile; fileRef = 04B844322477DEC700902367 /* full-english@2x.jpg */; };
		04B844A72477DEC800902367 /* pepperoni-pizza-thumb@3x.jpg in Resources */ = {isa = PBXBuildFile; fileRef = 04B844332477DEC700902367 /* pepperoni-pizza-thumb@3x.jpg */; };
		04B844A82477DEC800902367 /* paella-alicante-thumb@2x.jpg in Resources */ = {isa = PBXBuildFile; fileRef = 04B844342477DEC700902367 /* paella-alicante-thumb@2x.jpg */; };
		04B844A92477DEC800902367 /* superfood-salad@2x.jpg in Resources */ = {isa = PBXBuildFile; fileRef = 04B844352477DEC700902367 /* superfood-salad@2x.jpg */; };
		04B844AA2477DEC800902367 /* super-sundae@2x.jpg in Resources */ = {isa = PBXBuildFile; fileRef = 04B844362477DEC700902367 /* super-sundae@2x.jpg */; };
		04B844AB2477DEC800902367 /* penne-carbonara-thumb@3x.jpg in Resources */ = {isa = PBXBuildFile; fileRef = 04B844372477DEC700902367 /* penne-carbonara-thumb@3x.jpg */; };
		04B844AC2477DEC800902367 /* fillet-steak-thumb@3x.jpg in Resources */ = {isa = PBXBuildFile; fileRef = 04B844382477DEC700902367 /* fillet-steak-thumb@3x.jpg */; };
		04B844AD2477DEC800902367 /* straight-up-oj@3x.jpg in Resources */ = {isa = PBXBuildFile; fileRef = 04B844392477DEC700902367 /* straight-up-oj@3x.jpg */; };
		04B844AE2477DEC800902367 /* Helper.swift in Sources */ = {isa = PBXBuildFile; fileRef = 04B8443A2477DEC800902367 /* Helper.swift */; };
		04B844AF2477DEC800902367 /* Menu.swift in Sources */ = {isa = PBXBuildFile; fileRef = 04B8443B2477DEC800902367 /* Menu.swift */; };
		04B844B02477DEC800902367 /* Order.swift in Sources */ = {isa = PBXBuildFile; fileRef = 04B8443C2477DEC800902367 /* Order.swift */; };
		04B844B12477DEC800902367 /* menu.json in Resources */ = {isa = PBXBuildFile; fileRef = 04B8443D2477DEC800902367 /* menu.json */; };
		E9405B982D7EEA200072F7DC /* DetailView.swift in Sources */ = {isa = PBXBuildFile; fileRef = E9405B972D7EEA200072F7DC /* DetailView.swift */; };
		E9505E372C3E2892001F55B3 /* AppDelegate.swift in Sources */ = {isa = PBXBuildFile; fileRef = E9505E362C3E2892001F55B3 /* AppDelegate.swift */; };
		E9505E392C3E2E3B001F55B3 /* SceneDelegate.swift in Sources */ = {isa = PBXBuildFile; fileRef = E9505E382C3E2E3B001F55B3 /* SceneDelegate.swift */; };
		E9C971112B3A62AA00FDC2EF /* SUIApp.swift in Sources */ = {isa = PBXBuildFile; fileRef = E9C971102B3A62AA00FDC2EF /* SUIApp.swift */; };
		E9C971132B3A7AE500FDC2EF /* iOSScene.swift in Sources */ = {isa = PBXBuildFile; fileRef = E9C971122B3A7AE500FDC2EF /* iOSScene.swift */; };
		E9C971152B3A7FBF00FDC2EF /* HomeView.swift in Sources */ = {isa = PBXBuildFile; fileRef = E9C971142B3A7FBF00FDC2EF /* HomeView.swift */; };
		E9C971172B3A803400FDC2EF /* StoryView.swift in Sources */ = {isa = PBXBuildFile; fileRef = E9C971162B3A803400FDC2EF /* StoryView.swift */; };
		E9C971192B3A80C800FDC2EF /* FunFactsView.swift in Sources */ = {isa = PBXBuildFile; fileRef = E9C971182B3A80C800FDC2EF /* FunFactsView.swift */; };
		E9C9711F2B3BAE0A00FDC2EF /* ListView.swift in Sources */ = {isa = PBXBuildFile; fileRef = E9C9711E2B3BAE0A00FDC2EF /* ListView.swift */; };
/* End PBXBuildFile section */

/* Begin PBXContainerItemProxy section */
		04B843AD2477BDBA00902367 /* PBXContainerItemProxy */ = {
			isa = PBXContainerItemProxy;
			containerPortal = 04B8438E2477BDB500902367 /* Project object */;
			proxyType = 1;
			remoteGlobalIDString = 04B843952477BDB500902367;
			remoteInfo = SUI;
		};
		04B843B82477BDBA00902367 /* PBXContainerItemProxy */ = {
			isa = PBXContainerItemProxy;
			containerPortal = 04B8438E2477BDB500902367 /* Project object */;
			proxyType = 1;
			remoteGlobalIDString = 04B843952477BDB500902367;
			remoteInfo = SUI;
		};
/* End PBXContainerItemProxy section */

/* Begin PBXFileReference section */
		04B843962477BDB500902367 /* SUI.app */ = {isa = PBXFileReference; explicitFileType = wrapper.application; includeInIndex = 0; path = SUI.app; sourceTree = BUILT_PRODUCTS_DIR; };
		04B8439D2477BDB500902367 /* FavoritesView.swift */ = {isa = PBXFileReference; lastKnownFileType = sourcecode.swift; path = FavoritesView.swift; sourceTree = "<group>"; };
		04B8439F2477BDBA00902367 /* Assets.xcassets */ = {isa = PBXFileReference; lastKnownFileType = folder.assetcatalog; path = Assets.xcassets; sourceTree = "<group>"; };
		04B843A22477BDBA00902367 /* Preview Assets.xcassets */ = {isa = PBXFileReference; lastKnownFileType = folder.assetcatalog; path = "Preview Assets.xcassets"; sourceTree = "<group>"; };
		04B843A52477BDBA00902367 /* Base */ = {isa = PBXFileReference; lastKnownFileType = file.storyboard; name = Base; path = Base.lproj/LaunchScreen.storyboard; sourceTree = "<group>"; };
		04B843A72477BDBA00902367 /* Info.plist */ = {isa = PBXFileReference; lastKnownFileType = text.plist.xml; path = Info.plist; sourceTree = "<group>"; };
		04B843AC2477BDBA00902367 /* SUITests.xctest */ = {isa = PBXFileReference; explicitFileType = wrapper.cfbundle; includeInIndex = 0; path = SUITests.xctest; sourceTree = BUILT_PRODUCTS_DIR; };
		04B843B02477BDBA00902367 /* SUITests.swift */ = {isa = PBXFileReference; lastKnownFileType = sourcecode.swift; path = SUITests.swift; sourceTree = "<group>"; };
		04B843B22477BDBA00902367 /* Info.plist */ = {isa = PBXFileReference; lastKnownFileType = text.plist.xml; path = Info.plist; sourceTree = "<group>"; };
		04B843B72477BDBA00902367 /* SUIUITests.xctest */ = {isa = PBXFileReference; explicitFileType = wrapper.cfbundle; includeInIndex = 0; path = SUIUITests.xctest; sourceTree = BUILT_PRODUCTS_DIR; };
		04B843BB2477BDBA00902367 /* SUIUITests.swift */ = {isa = PBXFileReference; lastKnownFileType = sourcecode.swift; path = SUIUITests.swift; sourceTree = "<group>"; };
		04B843BD2477BDBA00902367 /* Info.plist */ = {isa = PBXFileReference; lastKnownFileType = text.plist.xml; path = Info.plist; sourceTree = "<group>"; };
		04B843CA2477DEC700902367 /* maple-french-toast@2x.jpg */ = {isa = PBXFileReference; lastKnownFileType = image.jpeg; path = "maple-french-toast@2x.jpg"; sourceTree = "<group>"; };
		04B843CB2477DEC700902367 /* mushroom-tagliatelle-thumb@3x.jpg */ = {isa = PBXFileReference; lastKnownFileType = image.jpeg; path = "mushroom-tagliatelle-thumb@3x.jpg"; sourceTree = "<group>"; };
		04B843CC2477DEC700902367 /* strawberry-surprise-thumb@2x.jpg */ = {isa = PBXFileReference; lastKnownFileType = image.jpeg; path = "strawberry-surprise-thumb@2x.jpg"; sourceTree = "<group>"; };
		04B843CD2477DEC700902367 /* virgin-mojito@3x.jpg */ = {isa = PBXFileReference; lastKnownFileType = image.jpeg; path = "virgin-mojito@3x.jpg"; sourceTree = "<group>"; };
		04B843CE2477DEC700902367 /* pesto-farfalle-thumb@2x.jpg */ = {isa = PBXFileReference; lastKnownFileType = image.jpeg; path = "pesto-farfalle-thumb@2x.jpg"; sourceTree = "<group>"; };
		04B843CF2477DEC700902367 /* fresh-baked-croissant@2x.jpg */ = {isa = PBXFileReference; lastKnownFileType = image.jpeg; path = "fresh-baked-croissant@2x.jpg"; sourceTree = "<group>"; };
		04B843D02477DEC700902367 /* thai-red-curry@2x.jpg */ = {isa = PBXFileReference; lastKnownFileType = image.jpeg; path = "thai-red-curry@2x.jpg"; sourceTree = "<group>"; };
		04B843D12477DEC700902367 /* macarons-galore-thumb@2x.jpg */ = {isa = PBXFileReference; lastKnownFileType = image.jpeg; path = "macarons-galore-thumb@2x.jpg"; sourceTree = "<group>"; };
		04B843D22477DEC700902367 /* power-muesli@2x.jpg */ = {isa = PBXFileReference; lastKnownFileType = image.jpeg; path = "power-muesli@2x.jpg"; sourceTree = "<group>"; };
		04B843D32477DEC700902367 /* mexican-mocha-thumb@2x.jpg */ = {isa = PBXFileReference; lastKnownFileType = image.jpeg; path = "mexican-mocha-thumb@2x.jpg"; sourceTree = "<group>"; };
		04B843D42477DEC700902367 /* mexican-mocha-thumb@3x.jpg */ = {isa = PBXFileReference; lastKnownFileType = image.jpeg; path = "mexican-mocha-thumb@3x.jpg"; sourceTree = "<group>"; };
		04B843D52477DEC700902367 /* power-muesli@3x.jpg */ = {isa = PBXFileReference; lastKnownFileType = image.jpeg; path = "power-muesli@3x.jpg"; sourceTree = "<group>"; };
		04B843D62477DEC700902367 /* macarons-galore-thumb@3x.jpg */ = {isa = PBXFileReference; lastKnownFileType = image.jpeg; path = "macarons-galore-thumb@3x.jpg"; sourceTree = "<group>"; };
		04B843D72477DEC700902367 /* thai-red-curry@3x.jpg */ = {isa = PBXFileReference; lastKnownFileType = image.jpeg; path = "thai-red-curry@3x.jpg"; sourceTree = "<group>"; };
		04B843D82477DEC700902367 /* fresh-baked-croissant@3x.jpg */ = {isa = PBXFileReference; lastKnownFileType = image.jpeg; path = "fresh-baked-croissant@3x.jpg"; sourceTree = "<group>"; };
		04B843D92477DEC700902367 /* pesto-farfalle-thumb@3x.jpg */ = {isa = PBXFileReference; lastKnownFileType = image.jpeg; path = "pesto-farfalle-thumb@3x.jpg"; sourceTree = "<group>"; };
		04B843DA2477DEC700902367 /* virgin-mojito@2x.jpg */ = {isa = PBXFileReference; lastKnownFileType = image.jpeg; path = "virgin-mojito@2x.jpg"; sourceTree = "<group>"; };
		04B843DB2477DEC700902367 /* strawberry-surprise-thumb@3x.jpg */ = {isa = PBXFileReference; lastKnownFileType = image.jpeg; path = "strawberry-surprise-thumb@3x.jpg"; sourceTree = "<group>"; };
		04B843DC2477DEC700902367 /* mushroom-tagliatelle-thumb@2x.jpg */ = {isa = PBXFileReference; lastKnownFileType = image.jpeg; path = "mushroom-tagliatelle-thumb@2x.jpg"; sourceTree = "<group>"; };
		04B843DD2477DEC700902367 /* maple-french-toast@3x.jpg */ = {isa = PBXFileReference; lastKnownFileType = image.jpeg; path = "maple-french-toast@3x.jpg"; sourceTree = "<group>"; };
		04B843DE2477DEC700902367 /* pepperoni-pizza@3x.jpg */ = {isa = PBXFileReference; lastKnownFileType = image.jpeg; path = "pepperoni-pizza@3x.jpg"; sourceTree = "<group>"; };
		04B843DF2477DEC700902367 /* cheese-toastie-thumb@3x.jpg */ = {isa = PBXFileReference; lastKnownFileType = image.jpeg; path = "cheese-toastie-thumb@3x.jpg"; sourceTree = "<group>"; };
		04B843E02477DEC700902367 /* stack-o-pancakes-thumb@2x.jpg */ = {isa = PBXFileReference; lastKnownFileType = image.jpeg; path = "stack-o-pancakes-thumb@2x.jpg"; sourceTree = "<group>"; };
		04B843E12477DEC700902367 /* corn-on-the-cob@2x.jpg */ = {isa = PBXFileReference; lastKnownFileType = image.jpeg; path = "corn-on-the-cob@2x.jpg"; sourceTree = "<group>"; };
		04B843E22477DEC700902367 /* strawberry-cooler-thumb@2x.jpg */ = {isa = PBXFileReference; lastKnownFileType = image.jpeg; path = "strawberry-cooler-thumb@2x.jpg"; sourceTree = "<group>"; };
		04B843E32477DEC700902367 /* paella-alicante@2x.jpg */ = {isa = PBXFileReference; lastKnownFileType = image.jpeg; path = "paella-alicante@2x.jpg"; sourceTree = "<group>"; };
		04B843E42477DEC700902367 /* super-sundae-thumb@3x.jpg */ = {isa = PBXFileReference; lastKnownFileType = image.jpeg; path = "super-sundae-thumb@3x.jpg"; sourceTree = "<group>"; };
		04B843E52477DEC700902367 /* virgin-mojito-thumb@2x.jpg */ = {isa = PBXFileReference; lastKnownFileType = image.jpeg; path = "virgin-mojito-thumb@2x.jpg"; sourceTree = "<group>"; };
		04B843E62477DEC700902367 /* tower-burger-thumb@2x.jpg */ = {isa = PBXFileReference; lastKnownFileType = image.jpeg; path = "tower-burger-thumb@2x.jpg"; sourceTree = "<group>"; };
		04B843E72477DEC700902367 /* cheese-toastie@2x.jpg */ = {isa = PBXFileReference; lastKnownFileType = image.jpeg; path = "cheese-toastie@2x.jpg"; sourceTree = "<group>"; };
		04B843E82477DEC700902367 /* porridge-deluxe@2x.jpg */ = {isa = PBXFileReference; lastKnownFileType = image.jpeg; path = "porridge-deluxe@2x.jpg"; sourceTree = "<group>"; };
		04B843E92477DEC700902367 /* porridge-deluxe-thumb@3x.jpg */ = {isa = PBXFileReference; lastKnownFileType = image.jpeg; path = "porridge-deluxe-thumb@3x.jpg"; sourceTree = "<group>"; };
		04B843EA2477DEC700902367 /* superfood-salad-thumb@2x.jpg */ = {isa = PBXFileReference; lastKnownFileType = image.jpeg; path = "superfood-salad-thumb@2x.jpg"; sourceTree = "<group>"; };
		04B843EB2477DEC700902367 /* tower-burger@3x.jpg */ = {isa = PBXFileReference; lastKnownFileType = image.jpeg; path = "tower-burger@3x.jpg"; sourceTree = "<group>"; };
		04B843EC2477DEC700902367 /* pesto-farfalle@3x.jpg */ = {isa = PBXFileReference; lastKnownFileType = image.jpeg; path = "pesto-farfalle@3x.jpg"; sourceTree = "<group>"; };
		04B843ED2477DEC700902367 /* stack-o-pancakes@2x.jpg */ = {isa = PBXFileReference; lastKnownFileType = image.jpeg; path = "stack-o-pancakes@2x.jpg"; sourceTree = "<group>"; };
		04B843EE2477DEC700902367 /* powerhouse-coffee@3x.jpg */ = {isa = PBXFileReference; lastKnownFileType = image.jpeg; path = "powerhouse-coffee@3x.jpg"; sourceTree = "<group>"; };
		04B843EF2477DEC700902367 /* power-muesli-thumb@2x.jpg */ = {isa = PBXFileReference; lastKnownFileType = image.jpeg; path = "power-muesli-thumb@2x.jpg"; sourceTree = "<group>"; };
		04B843F02477DEC700902367 /* powerhouse-coffee-thumb@2x.jpg */ = {isa = PBXFileReference; lastKnownFileType = image.jpeg; path = "powerhouse-coffee-thumb@2x.jpg"; sourceTree = "<group>"; };
		04B843F12477DEC700902367 /* chrysanthemum-tea-thumb@3x.jpg */ = {isa = PBXFileReference; lastKnownFileType = image.jpeg; path = "chrysanthemum-tea-thumb@3x.jpg"; sourceTree = "<group>"; };
		04B843F22477DEC700902367 /* all-out-donuts@2x.jpg */ = {isa = PBXFileReference; lastKnownFileType = image.jpeg; path = "all-out-donuts@2x.jpg"; sourceTree = "<group>"; };
		04B843F32477DEC700902367 /* all-out-donuts@3x.jpg */ = {isa = PBXFileReference; lastKnownFileType = image.jpeg; path = "all-out-donuts@3x.jpg"; sourceTree = "<group>"; };
		04B843F42477DEC700902367 /* chrysanthemum-tea-thumb@2x.jpg */ = {isa = PBXFileReference; lastKnownFileType = image.jpeg; path = "chrysanthemum-tea-thumb@2x.jpg"; sourceTree = "<group>"; };
		04B843F52477DEC700902367 /* powerhouse-coffee-thumb@3x.jpg */ = {isa = PBXFileReference; lastKnownFileType = image.jpeg; path = "powerhouse-coffee-thumb@3x.jpg"; sourceTree = "<group>"; };
		04B843F62477DEC700902367 /* powerhouse-coffee@2x.jpg */ = {isa = PBXFileReference; lastKnownFileType = image.jpeg; path = "powerhouse-coffee@2x.jpg"; sourceTree = "<group>"; };
		04B843F72477DEC700902367 /* power-muesli-thumb@3x.jpg */ = {isa = PBXFileReference; lastKnownFileType = image.jpeg; path = "power-muesli-thumb@3x.jpg"; sourceTree = "<group>"; };
		04B843F82477DEC700902367 /* stack-o-pancakes@3x.jpg */ = {isa = PBXFileReference; lastKnownFileType = image.jpeg; path = "stack-o-pancakes@3x.jpg"; sourceTree = "<group>"; };
		04B843F92477DEC700902367 /* pesto-farfalle@2x.jpg */ = {isa = PBXFileReference; lastKnownFileType = image.jpeg; path = "pesto-farfalle@2x.jpg"; sourceTree = "<group>"; };
		04B843FA2477DEC700902367 /* tower-burger@2x.jpg */ = {isa = PBXFileReference; lastKnownFileType = image.jpeg; path = "tower-burger@2x.jpg"; sourceTree = "<group>"; };
		04B843FB2477DEC700902367 /* superfood-salad-thumb@3x.jpg */ = {isa = PBXFileReference; lastKnownFileType = image.jpeg; path = "superfood-salad-thumb@3x.jpg"; sourceTree = "<group>"; };
		04B843FC2477DEC700902367 /* porridge-deluxe@3x.jpg */ = {isa = PBXFileReference; lastKnownFileType = image.jpeg; path = "porridge-deluxe@3x.jpg"; sourceTree = "<group>"; };
		04B843FD2477DEC700902367 /* porridge-deluxe-thumb@2x.jpg */ = {isa = PBXFileReference; lastKnownFileType = image.jpeg; path = "porridge-deluxe-thumb@2x.jpg"; sourceTree = "<group>"; };
		04B843FE2477DEC700902367 /* tower-burger-thumb@3x.jpg */ = {isa = PBXFileReference; lastKnownFileType = image.jpeg; path = "tower-burger-thumb@3x.jpg"; sourceTree = "<group>"; };
		04B843FF2477DEC700902367 /* cheese-toastie@3x.jpg */ = {isa = PBXFileReference; lastKnownFileType = image.jpeg; path = "cheese-toastie@3x.jpg"; sourceTree = "<group>"; };
		04B844002477DEC700902367 /* virgin-mojito-thumb@3x.jpg */ = {isa = PBXFileReference; lastKnownFileType = image.jpeg; path = "virgin-mojito-thumb@3x.jpg"; sourceTree = "<group>"; };
		04B844012477DEC700902367 /* super-sundae-thumb@2x.jpg */ = {isa = PBXFileReference; lastKnownFileType = image.jpeg; path = "super-sundae-thumb@2x.jpg"; sourceTree = "<group>"; };
		04B844022477DEC700902367 /* paella-alicante@3x.jpg */ = {isa = PBXFileReference; lastKnownFileType = image.jpeg; path = "paella-alicante@3x.jpg"; sourceTree = "<group>"; };
		04B844032477DEC700902367 /* strawberry-cooler-thumb@3x.jpg */ = {isa = PBXFileReference; lastKnownFileType = image.jpeg; path = "strawberry-cooler-thumb@3x.jpg"; sourceTree = "<group>"; };
		04B844042477DEC700902367 /* corn-on-the-cob@3x.jpg */ = {isa = PBXFileReference; lastKnownFileType = image.jpeg; path = "corn-on-the-cob@3x.jpg"; sourceTree = "<group>"; };
		04B844052477DEC700902367 /* stack-o-pancakes-thumb@3x.jpg */ = {isa = PBXFileReference; lastKnownFileType = image.jpeg; path = "stack-o-pancakes-thumb@3x.jpg"; sourceTree = "<group>"; };
		04B844062477DEC700902367 /* cheese-toastie-thumb@2x.jpg */ = {isa = PBXFileReference; lastKnownFileType = image.jpeg; path = "cheese-toastie-thumb@2x.jpg"; sourceTree = "<group>"; };
		04B844072477DEC700902367 /* pepperoni-pizza@2x.jpg */ = {isa = PBXFileReference; lastKnownFileType = image.jpeg; path = "pepperoni-pizza@2x.jpg"; sourceTree = "<group>"; };
		04B844082477DEC700902367 /* penne-carbonara@3x.jpg */ = {isa = PBXFileReference; lastKnownFileType = image.jpeg; path = "penne-carbonara@3x.jpg"; sourceTree = "<group>"; };
		04B844092477DEC700902367 /* chrysanthemum-tea@2x.jpg */ = {isa = PBXFileReference; lastKnownFileType = image.jpeg; path = "chrysanthemum-tea@2x.jpg"; sourceTree = "<group>"; };
		04B8440A2477DEC700902367 /* veggie-pizza@3x.jpg */ = {isa = PBXFileReference; lastKnownFileType = image.jpeg; path = "veggie-pizza@3x.jpg"; sourceTree = "<group>"; };
		04B8440B2477DEC700902367 /* veggie-pizza-thumb@3x.jpg */ = {isa = PBXFileReference; lastKnownFileType = image.jpeg; path = "veggie-pizza-thumb@3x.jpg"; sourceTree = "<group>"; };
		04B8440C2477DEC700902367 /* macarons-galore@3x.jpg */ = {isa = PBXFileReference; lastKnownFileType = image.jpeg; path = "macarons-galore@3x.jpg"; sourceTree = "<group>"; };
		04B8440D2477DEC700902367 /* maple-french-toast-thumb@2x.jpg */ = {isa = PBXFileReference; lastKnownFileType = image.jpeg; path = "maple-french-toast-thumb@2x.jpg"; sourceTree = "<group>"; };
		04B8440E2477DEC700902367 /* all-out-donuts-thumb@2x.jpg */ = {isa = PBXFileReference; lastKnownFileType = image.jpeg; path = "all-out-donuts-thumb@2x.jpg"; sourceTree = "<group>"; };
		04B8440F2477DEC700902367 /* thai-red-curry-thumb@2x.jpg */ = {isa = PBXFileReference; lastKnownFileType = image.jpeg; path = "thai-red-curry-thumb@2x.jpg"; sourceTree = "<group>"; };
		04B844102477DEC700902367 /* fresh-baked-croissant-thumb@2x.jpg */ = {isa = PBXFileReference; lastKnownFileType = image.jpeg; path = "fresh-baked-croissant-thumb@2x.jpg"; sourceTree = "<group>"; };
		04B844112477DEC700902367 /* full-english-thumb@3x.jpg */ = {isa = PBXFileReference; lastKnownFileType = image.jpeg; path = "full-english-thumb@3x.jpg"; sourceTree = "<group>"; };
		04B844122477DEC700902367 /* mexican-mocha@3x.jpg */ = {isa = PBXFileReference; lastKnownFileType = image.jpeg; path = "mexican-mocha@3x.jpg"; sourceTree = "<group>"; };
		04B844132477DEC700902367 /* strawberry-cooler@2x.jpg */ = {isa = PBXFileReference; lastKnownFileType = image.jpeg; path = "strawberry-cooler@2x.jpg"; sourceTree = "<group>"; };
		04B844142477DEC700902367 /* mushroom-tagliatelle@3x.jpg */ = {isa = PBXFileReference; lastKnownFileType = image.jpeg; path = "mushroom-tagliatelle@3x.jpg"; sourceTree = "<group>"; };
		04B844152477DEC700902367 /* straight-up-oj-thumb@2x.jpg */ = {isa = PBXFileReference; lastKnownFileType = image.jpeg; path = "straight-up-oj-thumb@2x.jpg"; sourceTree = "<group>"; };
		04B844162477DEC700902367 /* strawberry-surprise@2x.jpg */ = {isa = PBXFileReference; lastKnownFileType = image.jpeg; path = "strawberry-surprise@2x.jpg"; sourceTree = "<group>"; };
		04B844172477DEC700902367 /* strawberry-surprise@3x.jpg */ = {isa = PBXFileReference; lastKnownFileType = image.jpeg; path = "strawberry-surprise@3x.jpg"; sourceTree = "<group>"; };
		04B844182477DEC700902367 /* straight-up-oj-thumb@3x.jpg */ = {isa = PBXFileReference; lastKnownFileType = image.jpeg; path = "straight-up-oj-thumb@3x.jpg"; sourceTree = "<group>"; };
		04B844192477DEC700902367 /* mushroom-tagliatelle@2x.jpg */ = {isa = PBXFileReference; lastKnownFileType = image.jpeg; path = "mushroom-tagliatelle@2x.jpg"; sourceTree = "<group>"; };
		04B8441A2477DEC700902367 /* mexican-mocha@2x.jpg */ = {isa = PBXFileReference; lastKnownFileType = image.jpeg; path = "mexican-mocha@2x.jpg"; sourceTree = "<group>"; };
		04B8441B2477DEC700902367 /* strawberry-cooler@3x.jpg */ = {isa = PBXFileReference; lastKnownFileType = image.jpeg; path = "strawberry-cooler@3x.jpg"; sourceTree = "<group>"; };
		04B8441C2477DEC700902367 /* full-english-thumb@2x.jpg */ = {isa = PBXFileReference; lastKnownFileType = image.jpeg; path = "full-english-thumb@2x.jpg"; sourceTree = "<group>"; };
		04B8441D2477DEC700902367 /* fresh-baked-croissant-thumb@3x.jpg */ = {isa = PBXFileReference; lastKnownFileType = image.jpeg; path = "fresh-baked-croissant-thumb@3x.jpg"; sourceTree = "<group>"; };
		04B8441E2477DEC700902367 /* thai-red-curry-thumb@3x.jpg */ = {isa = PBXFileReference; lastKnownFileType = image.jpeg; path = "thai-red-curry-thumb@3x.jpg"; sourceTree = "<group>"; };
		04B8441F2477DEC700902367 /* all-out-donuts-thumb@3x.jpg */ = {isa = PBXFileReference; lastKnownFileType = image.jpeg; path = "all-out-donuts-thumb@3x.jpg"; sourceTree = "<group>"; };
		04B844202477DEC700902367 /* maple-french-toast-thumb@3x.jpg */ = {isa = PBXFileReference; lastKnownFileType = image.jpeg; path = "maple-french-toast-thumb@3x.jpg"; sourceTree = "<group>"; };
		04B844212477DEC700902367 /* macarons-galore@2x.jpg */ = {isa = PBXFileReference; lastKnownFileType = image.jpeg; path = "macarons-galore@2x.jpg"; sourceTree = "<group>"; };
		04B844222477DEC700902367 /* veggie-pizza@2x.jpg */ = {isa = PBXFileReference; lastKnownFileType = image.jpeg; path = "veggie-pizza@2x.jpg"; sourceTree = "<group>"; };
		04B844232477DEC700902367 /* veggie-pizza-thumb@2x.jpg */ = {isa = PBXFileReference; lastKnownFileType = image.jpeg; path = "veggie-pizza-thumb@2x.jpg"; sourceTree = "<group>"; };
		04B844242477DEC700902367 /* chrysanthemum-tea@3x.jpg */ = {isa = PBXFileReference; lastKnownFileType = image.jpeg; path = "chrysanthemum-tea@3x.jpg"; sourceTree = "<group>"; };
		04B844252477DEC700902367 /* penne-carbonara@2x.jpg */ = {isa = PBXFileReference; lastKnownFileType = image.jpeg; path = "penne-carbonara@2x.jpg"; sourceTree = "<group>"; };
		04B844262477DEC700902367 /* fillet-steak-thumb@2x.jpg */ = {isa = PBXFileReference; lastKnownFileType = image.jpeg; path = "fillet-steak-thumb@2x.jpg"; sourceTree = "<group>"; };
		04B844272477DEC700902367 /* straight-up-oj@2x.jpg */ = {isa = PBXFileReference; lastKnownFileType = image.jpeg; path = "straight-up-oj@2x.jpg"; sourceTree = "<group>"; };
		04B844282477DEC700902367 /* penne-carbonara-thumb@2x.jpg */ = {isa = PBXFileReference; lastKnownFileType = image.jpeg; path = "penne-carbonara-thumb@2x.jpg"; sourceTree = "<group>"; };
		04B844292477DEC700902367 /* super-sundae@3x.jpg */ = {isa = PBXFileReference; lastKnownFileType = image.jpeg; path = "super-sundae@3x.jpg"; sourceTree = "<group>"; };
		04B8442A2477DEC700902367 /* superfood-salad@3x.jpg */ = {isa = PBXFileReference; lastKnownFileType = image.jpeg; path = "superfood-salad@3x.jpg"; sourceTree = "<group>"; };
		04B8442B2477DEC700902367 /* paella-alicante-thumb@3x.jpg */ = {isa = PBXFileReference; lastKnownFileType = image.jpeg; path = "paella-alicante-thumb@3x.jpg"; sourceTree = "<group>"; };
		04B8442C2477DEC700902367 /* pepperoni-pizza-thumb@2x.jpg */ = {isa = PBXFileReference; lastKnownFileType = image.jpeg; path = "pepperoni-pizza-thumb@2x.jpg"; sourceTree = "<group>"; };
		04B8442D2477DEC700902367 /* full-english@3x.jpg */ = {isa = PBXFileReference; lastKnownFileType = image.jpeg; path = "full-english@3x.jpg"; sourceTree = "<group>"; };
		04B8442E2477DEC700902367 /* corn-on-the-cob-thumb@2x.jpg */ = {isa = PBXFileReference; lastKnownFileType = image.jpeg; path = "corn-on-the-cob-thumb@2x.jpg"; sourceTree = "<group>"; };
		04B8442F2477DEC700902367 /* fillet-steak@2x.jpg */ = {isa = PBXFileReference; lastKnownFileType = image.jpeg; path = "fillet-steak@2x.jpg"; sourceTree = "<group>"; };
		04B844302477DEC700902367 /* fillet-steak@3x.jpg */ = {isa = PBXFileReference; lastKnownFileType = image.jpeg; path = "fillet-steak@3x.jpg"; sourceTree = "<group>"; };
		04B844312477DEC700902367 /* corn-on-the-cob-thumb@3x.jpg */ = {isa = PBXFileReference; lastKnownFileType = image.jpeg; path = "corn-on-the-cob-thumb@3x.jpg"; sourceTree = "<group>"; };
		04B844322477DEC700902367 /* full-english@2x.jpg */ = {isa = PBXFileReference; lastKnownFileType = image.jpeg; path = "full-english@2x.jpg"; sourceTree = "<group>"; };
		04B844332477DEC700902367 /* pepperoni-pizza-thumb@3x.jpg */ = {isa = PBXFileReference; lastKnownFileType = image.jpeg; path = "pepperoni-pizza-thumb@3x.jpg"; sourceTree = "<group>"; };
		04B844342477DEC700902367 /* paella-alicante-thumb@2x.jpg */ = {isa = PBXFileReference; lastKnownFileType = image.jpeg; path = "paella-alicante-thumb@2x.jpg"; sourceTree = "<group>"; };
		04B844352477DEC700902367 /* superfood-salad@2x.jpg */ = {isa = PBXFileReference; lastKnownFileType = image.jpeg; path = "superfood-salad@2x.jpg"; sourceTree = "<group>"; };
		04B844362477DEC700902367 /* super-sundae@2x.jpg */ = {isa = PBXFileReference; lastKnownFileType = image.jpeg; path = "super-sundae@2x.jpg"; sourceTree = "<group>"; };
		04B844372477DEC700902367 /* penne-carbonara-thumb@3x.jpg */ = {isa = PBXFileReference; lastKnownFileType = image.jpeg; path = "penne-carbonara-thumb@3x.jpg"; sourceTree = "<group>"; };
		04B844382477DEC700902367 /* fillet-steak-thumb@3x.jpg */ = {isa = PBXFileReference; lastKnownFileType = image.jpeg; path = "fillet-steak-thumb@3x.jpg"; sourceTree = "<group>"; };
		04B844392477DEC700902367 /* straight-up-oj@3x.jpg */ = {isa = PBXFileReference; lastKnownFileType = image.jpeg; path = "straight-up-oj@3x.jpg"; sourceTree = "<group>"; };
		04B8443A2477DEC800902367 /* Helper.swift */ = {isa = PBXFileReference; fileEncoding = 4; lastKnownFileType = sourcecode.swift; path = Helper.swift; sourceTree = "<group>"; };
		04B8443B2477DEC800902367 /* Menu.swift */ = {isa = PBXFileReference; fileEncoding = 4; lastKnownFileType = sourcecode.swift; path = Menu.swift; sourceTree = "<group>"; };
		04B8443C2477DEC800902367 /* Order.swift */ = {isa = PBXFileReference; fileEncoding = 4; lastKnownFileType = sourcecode.swift; path = Order.swift; sourceTree = "<group>"; };
		04B8443D2477DEC800902367 /* menu.json */ = {isa = PBXFileReference; fileEncoding = 4; lastKnownFileType = text.json; path = menu.json; sourceTree = "<group>"; };
		E9405B972D7EEA200072F7DC /* DetailView.swift */ = {isa = PBXFileReference; lastKnownFileType = sourcecode.swift; path = DetailView.swift; sourceTree = "<group>"; };
		E9505E362C3E2892001F55B3 /* AppDelegate.swift */ = {isa = PBXFileReference; lastKnownFileType = sourcecode.swift; path = AppDelegate.swift; sourceTree = "<group>"; };
		E9505E382C3E2E3B001F55B3 /* SceneDelegate.swift */ = {isa = PBXFileReference; lastKnownFileType = sourcecode.swift; path = SceneDelegate.swift; sourceTree = "<group>"; };
		E9C971102B3A62AA00FDC2EF /* SUIApp.swift */ = {isa = PBXFileReference; lastKnownFileType = sourcecode.swift; path = SUIApp.swift; sourceTree = "<group>"; };
		E9C971122B3A7AE500FDC2EF /* iOSScene.swift */ = {isa = PBXFileReference; lastKnownFileType = sourcecode.swift; path = iOSScene.swift; sourceTree = "<group>"; };
		E9C971142B3A7FBF00FDC2EF /* HomeView.swift */ = {isa = PBXFileReference; lastKnownFileType = sourcecode.swift; path = HomeView.swift; sourceTree = "<group>"; };
		E9C971162B3A803400FDC2EF /* StoryView.swift */ = {isa = PBXFileReference; lastKnownFileType = sourcecode.swift; path = StoryView.swift; sourceTree = "<group>"; };
		E9C971182B3A80C800FDC2EF /* FunFactsView.swift */ = {isa = PBXFileReference; lastKnownFileType = sourcecode.swift; path = FunFactsView.swift; sourceTree = "<group>"; };
		E9C9711E2B3BAE0A00FDC2EF /* ListView.swift */ = {isa = PBXFileReference; lastKnownFileType = sourcecode.swift; path = ListView.swift; sourceTree = "<group>"; };
/* End PBXFileReference section */

/* Begin PBXFrameworksBuildPhase section */
		04B843932477BDB500902367 /* Frameworks */ = {
			isa = PBXFrameworksBuildPhase;
			buildActionMask = 2147483647;
			files = (
			);
			runOnlyForDeploymentPostprocessing = 0;
		};
		04B843A92477BDBA00902367 /* Frameworks */ = {
			isa = PBXFrameworksBuildPhase;
			buildActionMask = 2147483647;
			files = (
			);
			runOnlyForDeploymentPostprocessing = 0;
		};
		04B843B42477BDBA00902367 /* Frameworks */ = {
			isa = PBXFrameworksBuildPhase;
			buildActionMask = 2147483647;
			files = (
			);
			runOnlyForDeploymentPostprocessing = 0;
		};
/* End PBXFrameworksBuildPhase section */

/* Begin PBXGroup section */
		04B8438D2477BDB500902367 = {
			isa = PBXGroup;
			children = (
				04B843982477BDB500902367 /* SUI */,
				04B843AF2477BDBA00902367 /* SUITests */,
				04B843BA2477BDBA00902367 /* SUIUITests */,
				04B843972477BDB500902367 /* Products */,
			);
			sourceTree = "<group>";
		};
		04B843972477BDB500902367 /* Products */ = {
			isa = PBXGroup;
			children = (
				04B843962477BDB500902367 /* SUI.app */,
				04B843AC2477BDBA00902367 /* SUITests.xctest */,
				04B843B72477BDBA00902367 /* SUIUITests.xctest */,
			);
			name = Products;
			sourceTree = "<group>";
		};
		04B843982477BDB500902367 /* SUI */ = {
			isa = PBXGroup;
			children = (
				E9C971102B3A62AA00FDC2EF /* SUIApp.swift */,
				E9C971122B3A7AE500FDC2EF /* iOSScene.swift */,
				E9C971142B3A7FBF00FDC2EF /* HomeView.swift */,
				04B8439D2477BDB500902367 /* FavoritesView.swift */,
				E9C9711E2B3BAE0A00FDC2EF /* ListView.swift */,
				E9405B972D7EEA200072F7DC /* DetailView.swift */,
				04B8443A2477DEC800902367 /* Helper.swift */,
				04B843C92477DEC700902367 /* Images */,
				04B8443D2477DEC800902367 /* menu.json */,
				04B8443B2477DEC800902367 /* Menu.swift */,
				04B8443C2477DEC800902367 /* Order.swift */,
				04B8439F2477BDBA00902367 /* Assets.xcassets */,
				04B843A42477BDBA00902367 /* LaunchScreen.storyboard */,
				04B843A72477BDBA00902367 /* Info.plist */,
				04B843A12477BDBA00902367 /* Preview Content */,
				E9C971162B3A803400FDC2EF /* StoryView.swift */,
				E9C971182B3A80C800FDC2EF /* FunFactsView.swift */,
				E9505E362C3E2892001F55B3 /* AppDelegate.swift */,
				E9505E382C3E2E3B001F55B3 /* SceneDelegate.swift */,
			);
			path = SUI;
			sourceTree = "<group>";
		};
		04B843A12477BDBA00902367 /* Preview Content */ = {
			isa = PBXGroup;
			children = (
				04B843A22477BDBA00902367 /* Preview Assets.xcassets */,
			);
			path = "Preview Content";
			sourceTree = "<group>";
		};
		04B843AF2477BDBA00902367 /* SUITests */ = {
			isa = PBXGroup;
			children = (
				04B843B02477BDBA00902367 /* SUITests.swift */,
				04B843B22477BDBA00902367 /* Info.plist */,
			);
			path = SUITests;
			sourceTree = "<group>";
		};
		04B843BA2477BDBA00902367 /* SUIUITests */ = {
			isa = PBXGroup;
			children = (
				04B843BB2477BDBA00902367 /* SUIUITests.swift */,
				04B843BD2477BDBA00902367 /* Info.plist */,
			);
			path = SUIUITests;
			sourceTree = "<group>";
		};
		04B843C92477DEC700902367 /* Images */ = {
			isa = PBXGroup;
			children = (
				04B843CA2477DEC700902367 /* maple-french-toast@2x.jpg */,
				04B843CB2477DEC700902367 /* mushroom-tagliatelle-thumb@3x.jpg */,
				04B843CC2477DEC700902367 /* strawberry-surprise-thumb@2x.jpg */,
				04B843CD2477DEC700902367 /* virgin-mojito@3x.jpg */,
				04B843CE2477DEC700902367 /* pesto-farfalle-thumb@2x.jpg */,
				04B843CF2477DEC700902367 /* fresh-baked-croissant@2x.jpg */,
				04B843D02477DEC700902367 /* thai-red-curry@2x.jpg */,
				04B843D12477DEC700902367 /* macarons-galore-thumb@2x.jpg */,
				04B843D22477DEC700902367 /* power-muesli@2x.jpg */,
				04B843D32477DEC700902367 /* mexican-mocha-thumb@2x.jpg */,
				04B843D42477DEC700902367 /* mexican-mocha-thumb@3x.jpg */,
				04B843D52477DEC700902367 /* power-muesli@3x.jpg */,
				04B843D62477DEC700902367 /* macarons-galore-thumb@3x.jpg */,
				04B843D72477DEC700902367 /* thai-red-curry@3x.jpg */,
				04B843D82477DEC700902367 /* fresh-baked-croissant@3x.jpg */,
				04B843D92477DEC700902367 /* pesto-farfalle-thumb@3x.jpg */,
				04B843DA2477DEC700902367 /* virgin-mojito@2x.jpg */,
				04B843DB2477DEC700902367 /* strawberry-surprise-thumb@3x.jpg */,
				04B843DC2477DEC700902367 /* mushroom-tagliatelle-thumb@2x.jpg */,
				04B843DD2477DEC700902367 /* maple-french-toast@3x.jpg */,
				04B843DE2477DEC700902367 /* pepperoni-pizza@3x.jpg */,
				04B843DF2477DEC700902367 /* cheese-toastie-thumb@3x.jpg */,
				04B843E02477DEC700902367 /* stack-o-pancakes-thumb@2x.jpg */,
				04B843E12477DEC700902367 /* corn-on-the-cob@2x.jpg */,
				04B843E22477DEC700902367 /* strawberry-cooler-thumb@2x.jpg */,
				04B843E32477DEC700902367 /* paella-alicante@2x.jpg */,
				04B843E42477DEC700902367 /* super-sundae-thumb@3x.jpg */,
				04B843E52477DEC700902367 /* virgin-mojito-thumb@2x.jpg */,
				04B843E62477DEC700902367 /* tower-burger-thumb@2x.jpg */,
				04B843E72477DEC700902367 /* cheese-toastie@2x.jpg */,
				04B843E82477DEC700902367 /* porridge-deluxe@2x.jpg */,
				04B843E92477DEC700902367 /* porridge-deluxe-thumb@3x.jpg */,
				04B843EA2477DEC700902367 /* superfood-salad-thumb@2x.jpg */,
				04B843EB2477DEC700902367 /* tower-burger@3x.jpg */,
				04B843EC2477DEC700902367 /* pesto-farfalle@3x.jpg */,
				04B843ED2477DEC700902367 /* stack-o-pancakes@2x.jpg */,
				04B843EE2477DEC700902367 /* powerhouse-coffee@3x.jpg */,
				04B843EF2477DEC700902367 /* power-muesli-thumb@2x.jpg */,
				04B843F02477DEC700902367 /* powerhouse-coffee-thumb@2x.jpg */,
				04B843F12477DEC700902367 /* chrysanthemum-tea-thumb@3x.jpg */,
				04B843F22477DEC700902367 /* all-out-donuts@2x.jpg */,
				04B843F32477DEC700902367 /* all-out-donuts@3x.jpg */,
				04B843F42477DEC700902367 /* chrysanthemum-tea-thumb@2x.jpg */,
				04B843F52477DEC700902367 /* powerhouse-coffee-thumb@3x.jpg */,
				04B843F62477DEC700902367 /* powerhouse-coffee@2x.jpg */,
				04B843F72477DEC700902367 /* power-muesli-thumb@3x.jpg */,
				04B843F82477DEC700902367 /* stack-o-pancakes@3x.jpg */,
				04B843F92477DEC700902367 /* pesto-farfalle@2x.jpg */,
				04B843FA2477DEC700902367 /* tower-burger@2x.jpg */,
				04B843FB2477DEC700902367 /* superfood-salad-thumb@3x.jpg */,
				04B843FC2477DEC700902367 /* porridge-deluxe@3x.jpg */,
				04B843FD2477DEC700902367 /* porridge-deluxe-thumb@2x.jpg */,
				04B843FE2477DEC700902367 /* tower-burger-thumb@3x.jpg */,
				04B843FF2477DEC700902367 /* cheese-toastie@3x.jpg */,
				04B844002477DEC700902367 /* virgin-mojito-thumb@3x.jpg */,
				04B844012477DEC700902367 /* super-sundae-thumb@2x.jpg */,
				04B844022477DEC700902367 /* paella-alicante@3x.jpg */,
				04B844032477DEC700902367 /* strawberry-cooler-thumb@3x.jpg */,
				04B844042477DEC700902367 /* corn-on-the-cob@3x.jpg */,
				04B844052477DEC700902367 /* stack-o-pancakes-thumb@3x.jpg */,
				04B844062477DEC700902367 /* cheese-toastie-thumb@2x.jpg */,
				04B844072477DEC700902367 /* pepperoni-pizza@2x.jpg */,
				04B844082477DEC700902367 /* penne-carbonara@3x.jpg */,
				04B844092477DEC700902367 /* chrysanthemum-tea@2x.jpg */,
				04B8440A2477DEC700902367 /* veggie-pizza@3x.jpg */,
				04B8440B2477DEC700902367 /* veggie-pizza-thumb@3x.jpg */,
				04B8440C2477DEC700902367 /* macarons-galore@3x.jpg */,
				04B8440D2477DEC700902367 /* maple-french-toast-thumb@2x.jpg */,
				04B8440E2477DEC700902367 /* all-out-donuts-thumb@2x.jpg */,
				04B8440F2477DEC700902367 /* thai-red-curry-thumb@2x.jpg */,
				04B844102477DEC700902367 /* fresh-baked-croissant-thumb@2x.jpg */,
				04B844112477DEC700902367 /* full-english-thumb@3x.jpg */,
				04B844122477DEC700902367 /* mexican-mocha@3x.jpg */,
				04B844132477DEC700902367 /* strawberry-cooler@2x.jpg */,
				04B844142477DEC700902367 /* mushroom-tagliatelle@3x.jpg */,
				04B844152477DEC700902367 /* straight-up-oj-thumb@2x.jpg */,
				04B844162477DEC700902367 /* strawberry-surprise@2x.jpg */,
				04B844172477DEC700902367 /* strawberry-surprise@3x.jpg */,
				04B844182477DEC700902367 /* straight-up-oj-thumb@3x.jpg */,
				04B844192477DEC700902367 /* mushroom-tagliatelle@2x.jpg */,
				04B8441A2477DEC700902367 /* mexican-mocha@2x.jpg */,
				04B8441B2477DEC700902367 /* strawberry-cooler@3x.jpg */,
				04B8441C2477DEC700902367 /* full-english-thumb@2x.jpg */,
				04B8441D2477DEC700902367 /* fresh-baked-croissant-thumb@3x.jpg */,
				04B8441E2477DEC700902367 /* thai-red-curry-thumb@3x.jpg */,
				04B8441F2477DEC700902367 /* all-out-donuts-thumb@3x.jpg */,
				04B844202477DEC700902367 /* maple-french-toast-thumb@3x.jpg */,
				04B844212477DEC700902367 /* macarons-galore@2x.jpg */,
				04B844222477DEC700902367 /* veggie-pizza@2x.jpg */,
				04B844232477DEC700902367 /* veggie-pizza-thumb@2x.jpg */,
				04B844242477DEC700902367 /* chrysanthemum-tea@3x.jpg */,
				04B844252477DEC700902367 /* penne-carbonara@2x.jpg */,
				04B844262477DEC700902367 /* fillet-steak-thumb@2x.jpg */,
				04B844272477DEC700902367 /* straight-up-oj@2x.jpg */,
				04B844282477DEC700902367 /* penne-carbonara-thumb@2x.jpg */,
				04B844292477DEC700902367 /* super-sundae@3x.jpg */,
				04B8442A2477DEC700902367 /* superfood-salad@3x.jpg */,
				04B8442B2477DEC700902367 /* paella-alicante-thumb@3x.jpg */,
				04B8442C2477DEC700902367 /* pepperoni-pizza-thumb@2x.jpg */,
				04B8442D2477DEC700902367 /* full-english@3x.jpg */,
				04B8442E2477DEC700902367 /* corn-on-the-cob-thumb@2x.jpg */,
				04B8442F2477DEC700902367 /* fillet-steak@2x.jpg */,
				04B844302477DEC700902367 /* fillet-steak@3x.jpg */,
				04B844312477DEC700902367 /* corn-on-the-cob-thumb@3x.jpg */,
				04B844322477DEC700902367 /* full-english@2x.jpg */,
				04B844332477DEC700902367 /* pepperoni-pizza-thumb@3x.jpg */,
				04B844342477DEC700902367 /* paella-alicante-thumb@2x.jpg */,
				04B844352477DEC700902367 /* superfood-salad@2x.jpg */,
				04B844362477DEC700902367 /* super-sundae@2x.jpg */,
				04B844372477DEC700902367 /* penne-carbonara-thumb@3x.jpg */,
				04B844382477DEC700902367 /* fillet-steak-thumb@3x.jpg */,
				04B844392477DEC700902367 /* straight-up-oj@3x.jpg */,
			);
			path = Images;
			sourceTree = "<group>";
		};
/* End PBXGroup section */

/* Begin PBXNativeTarget section */
		04B843952477BDB500902367 /* SUI */ = {
			isa = PBXNativeTarget;
			buildConfigurationList = 04B843C02477BDBA00902367 /* Build configuration list for PBXNativeTarget "SUI" */;
			buildPhases = (
				04B843922477BDB500902367 /* Sources */,
				04B843932477BDB500902367 /* Frameworks */,
				04B843942477BDB500902367 /* Resources */,
			);
			buildRules = (
			);
			dependencies = (
			);
			name = SUI;
			productName = SUI;
			productReference = 04B843962477BDB500902367 /* SUI.app */;
			productType = "com.apple.product-type.application";
		};
		04B843AB2477BDBA00902367 /* SUITests */ = {
			isa = PBXNativeTarget;
			buildConfigurationList = 04B843C32477BDBA00902367 /* Build configuration list for PBXNativeTarget "SUITests" */;
			buildPhases = (
				04B843A82477BDBA00902367 /* Sources */,
				04B843A92477BDBA00902367 /* Frameworks */,
				04B843AA2477BDBA00902367 /* Resources */,
			);
			buildRules = (
			);
			dependencies = (
				04B843AE2477BDBA00902367 /* PBXTargetDependency */,
			);
			name = SUITests;
			productName = SUITests;
			productReference = 04B843AC2477BDBA00902367 /* SUITests.xctest */;
			productType = "com.apple.product-type.bundle.unit-test";
		};
		04B843B62477BDBA00902367 /* SUIUITests */ = {
			isa = PBXNativeTarget;
			buildConfigurationList = 04B843C62477BDBA00902367 /* Build configuration list for PBXNativeTarget "SUIUITests" */;
			buildPhases = (
				04B843B32477BDBA00902367 /* Sources */,
				04B843B42477BDBA00902367 /* Frameworks */,
				04B843B52477BDBA00902367 /* Resources */,
			);
			buildRules = (
			);
			dependencies = (
				04B843B92477BDBA00902367 /* PBXTargetDependency */,
			);
			name = SUIUITests;
			productName = SUIUITests;
			productReference = 04B843B72477BDBA00902367 /* SUIUITests.xctest */;
			productType = "com.apple.product-type.bundle.ui-testing";
		};
/* End PBXNativeTarget section */

/* Begin PBXProject section */
		04B8438E2477BDB500902367 /* Project object */ = {
			isa = PBXProject;
			attributes = {
				LastSwiftUpdateCheck = 1140;
				LastUpgradeCheck = 1140;
				ORGANIZATIONNAME = YYDDL;
				TargetAttributes = {
					04B843952477BDB500902367 = {
						CreatedOnToolsVersion = 11.4.1;
					};
					04B843AB2477BDBA00902367 = {
						CreatedOnToolsVersion = 11.4.1;
						TestTargetID = 04B843952477BDB500902367;
					};
					04B843B62477BDBA00902367 = {
						CreatedOnToolsVersion = 11.4.1;
						TestTargetID = 04B843952477BDB500902367;
					};
				};
			};
			buildConfigurationList = 04B843912477BDB500902367 /* Build configuration list for PBXProject "SUI" */;
			compatibilityVersion = "Xcode 9.3";
			developmentRegion = en;
			hasScannedForEncodings = 0;
			knownRegions = (
				en,
				Base,
			);
			mainGroup = 04B8438D2477BDB500902367;
			productRefGroup = 04B843972477BDB500902367 /* Products */;
			projectDirPath = "";
			projectRoot = "";
			targets = (
				04B843952477BDB500902367 /* SUI */,
				04B843AB2477BDBA00902367 /* SUITests */,
				04B843B62477BDBA00902367 /* SUIUITests */,
			);
		};
/* End PBXProject section */

/* Begin PBXResourcesBuildPhase section */
		04B843942477BDB500902367 /* Resources */ = {
			isa = PBXResourcesBuildPhase;
			buildActionMask = 2147483647;
			files = (
				04B844872477DEC800902367 /* strawberry-cooler@2x.jpg in Resources */,
				04B844472477DEC800902367 /* mexican-mocha-thumb@2x.jpg in Resources */,
				04B844892477DEC800902367 /* straight-up-oj-thumb@2x.jpg in Resources */,
				04B844752477DEC800902367 /* super-sundae-thumb@2x.jpg in Resources */,
				04B8449A2477DEC800902367 /* fillet-steak-thumb@2x.jpg in Resources */,
				04B844A12477DEC800902367 /* full-english@3x.jpg in Resources */,
				04B844652477DEC800902367 /* chrysanthemum-tea-thumb@3x.jpg in Resources */,
				04B844492477DEC800902367 /* power-muesli@3x.jpg in Resources */,
				04B844AA2477DEC800902367 /* super-sundae@2x.jpg in Resources */,
				04B844542477DEC800902367 /* stack-o-pancakes-thumb@2x.jpg in Resources */,
				04B844732477DEC800902367 /* cheese-toastie@3x.jpg in Resources */,
				04B844972477DEC800902367 /* veggie-pizza-thumb@2x.jpg in Resources */,
				04B8445D2477DEC800902367 /* porridge-deluxe-thumb@3x.jpg in Resources */,
				04B8445F2477DEC800902367 /* tower-burger@3x.jpg in Resources */,
				04B844A22477DEC800902367 /* corn-on-the-cob-thumb@2x.jpg in Resources */,
				04B8447F2477DEC800902367 /* veggie-pizza-thumb@3x.jpg in Resources */,
				04B844822477DEC800902367 /* all-out-donuts-thumb@2x.jpg in Resources */,
				04B844662477DEC800902367 /* all-out-donuts@2x.jpg in Resources */,
				04B844532477DEC800902367 /* cheese-toastie-thumb@3x.jpg in Resources */,
				04B844A52477DEC800902367 /* corn-on-the-cob-thumb@3x.jpg in Resources */,
				04B8449D2477DEC800902367 /* super-sundae@3x.jpg in Resources */,
				04B844862477DEC800902367 /* mexican-mocha@3x.jpg in Resources */,
				04B8446C2477DEC800902367 /* stack-o-pancakes@3x.jpg in Resources */,
				04B844A02477DEC800902367 /* pepperoni-pizza-thumb@2x.jpg in Resources */,
				04B8445A2477DEC800902367 /* tower-burger-thumb@2x.jpg in Resources */,
				04B8444D2477DEC800902367 /* pesto-farfalle-thumb@3x.jpg in Resources */,
				04B8448D2477DEC800902367 /* mushroom-tagliatelle@2x.jpg in Resources */,
				04B844792477DEC800902367 /* stack-o-pancakes-thumb@3x.jpg in Resources */,
				04B844802477DEC800902367 /* macarons-galore@3x.jpg in Resources */,
				04B844932477DEC800902367 /* all-out-donuts-thumb@3x.jpg in Resources */,
				04B844602477DEC800902367 /* pesto-farfalle@3x.jpg in Resources */,
				04B844452477DEC800902367 /* macarons-galore-thumb@2x.jpg in Resources */,
				04B844772477DEC800902367 /* strawberry-cooler-thumb@3x.jpg in Resources */,
				04B8444F2477DEC800902367 /* strawberry-surprise-thumb@3x.jpg in Resources */,
				04B844B12477DEC800902367 /* menu.json in Resources */,
				04B844A92477DEC800902367 /* superfood-salad@2x.jpg in Resources */,
				04B844522477DEC800902367 /* pepperoni-pizza@3x.jpg in Resources */,
				04B8447E2477DEC800902367 /* veggie-pizza@3x.jpg in Resources */,
				04B844902477DEC800902367 /* full-english-thumb@2x.jpg in Resources */,
				04B844762477DEC800902367 /* paella-alicante@3x.jpg in Resources */,
				04B844962477DEC800902367 /* veggie-pizza@2x.jpg in Resources */,
				04B8447A2477DEC800902367 /* cheese-toastie-thumb@2x.jpg in Resources */,
				04B844A72477DEC800902367 /* pepperoni-pizza-thumb@3x.jpg in Resources */,
				04B844832477DEC800902367 /* thai-red-curry-thumb@2x.jpg in Resources */,
				04B8446D2477DEC800902367 /* pesto-farfalle@2x.jpg in Resources */,
				04B8446B2477DEC800902367 /* power-muesli-thumb@3x.jpg in Resources */,
				04B844952477DEC800902367 /* macarons-galore@2x.jpg in Resources */,
				04B8445C2477DEC800902367 /* porridge-deluxe@2x.jpg in Resources */,
				04B8444C2477DEC800902367 /* fresh-baked-croissant@3x.jpg in Resources */,
				04B844632477DEC800902367 /* power-muesli-thumb@2x.jpg in Resources */,
				04B844612477DEC800902367 /* stack-o-pancakes@2x.jpg in Resources */,
				04B8446E2477DEC800902367 /* tower-burger@2x.jpg in Resources */,
				04B844502477DEC800902367 /* mushroom-tagliatelle-thumb@2x.jpg in Resources */,
				04B844622477DEC800902367 /* powerhouse-coffee@3x.jpg in Resources */,
				04B844A62477DEC800902367 /* full-english@2x.jpg in Resources */,
				04B844562477DEC800902367 /* strawberry-cooler-thumb@2x.jpg in Resources */,
				04B844A42477DEC800902367 /* fillet-steak@3x.jpg in Resources */,
				04B844462477DEC800902367 /* power-muesli@2x.jpg in Resources */,
				04B8445E2477DEC800902367 /* superfood-salad-thumb@2x.jpg in Resources */,
				04B8446A2477DEC800902367 /* powerhouse-coffee@2x.jpg in Resources */,
				04B844702477DEC800902367 /* porridge-deluxe@3x.jpg in Resources */,
				04B844572477DEC800902367 /* paella-alicante@2x.jpg in Resources */,
				04B8443E2477DEC800902367 /* maple-french-toast@2x.jpg in Resources */,
				04B843A62477BDBA00902367 /* LaunchScreen.storyboard in Resources */,
				04B844842477DEC800902367 /* fresh-baked-croissant-thumb@2x.jpg in Resources */,
				04B844412477DEC800902367 /* virgin-mojito@3x.jpg in Resources */,
				04B8446F2477DEC800902367 /* superfood-salad-thumb@3x.jpg in Resources */,
				04B844942477DEC800902367 /* maple-french-toast-thumb@3x.jpg in Resources */,
				04B844582477DEC800902367 /* super-sundae-thumb@3x.jpg in Resources */,
				04B8449C2477DEC800902367 /* penne-carbonara-thumb@2x.jpg in Resources */,
				04B8449B2477DEC800902367 /* straight-up-oj@2x.jpg in Resources */,
				04B8448A2477DEC800902367 /* strawberry-surprise@2x.jpg in Resources */,
				04B844432477DEC800902367 /* fresh-baked-croissant@2x.jpg in Resources */,
				04B844812477DEC800902367 /* maple-french-toast-thumb@2x.jpg in Resources */,
				04B844692477DEC800902367 /* powerhouse-coffee-thumb@3x.jpg in Resources */,
				04B844982477DEC800902367 /* chrysanthemum-tea@3x.jpg in Resources */,
				04B843A32477BDBA00902367 /* Preview Assets.xcassets in Resources */,
				04B8444E2477DEC800902367 /* virgin-mojito@2x.jpg in Resources */,
				04B8447D2477DEC800902367 /* chrysanthemum-tea@2x.jpg in Resources */,
				04B844592477DEC800902367 /* virgin-mojito-thumb@2x.jpg in Resources */,
				04B844882477DEC800902367 /* mushroom-tagliatelle@3x.jpg in Resources */,
				04B8448F2477DEC800902367 /* strawberry-cooler@3x.jpg in Resources */,
				04B844AB2477DEC800902367 /* penne-carbonara-thumb@3x.jpg in Resources */,
				04B8447C2477DEC800902367 /* penne-carbonara@3x.jpg in Resources */,
				04B843A02477BDBA00902367 /* Assets.xcassets in Resources */,
				04B8449F2477DEC800902367 /* paella-alicante-thumb@3x.jpg in Resources */,
				04B844A32477DEC800902367 /* fillet-steak@2x.jpg in Resources */,
				04B844482477DEC800902367 /* mexican-mocha-thumb@3x.jpg in Resources */,
				04B844852477DEC800902367 /* full-english-thumb@3x.jpg in Resources */,
				04B844672477DEC800902367 /* all-out-donuts@3x.jpg in Resources */,
				04B844712477DEC800902367 /* porridge-deluxe-thumb@2x.jpg in Resources */,
				04B8444B2477DEC800902367 /* thai-red-curry@3x.jpg in Resources */,
				04B844442477DEC800902367 /* thai-red-curry@2x.jpg in Resources */,
				04B844A82477DEC800902367 /* paella-alicante-thumb@2x.jpg in Resources */,
				04B844742477DEC800902367 /* virgin-mojito-thumb@3x.jpg in Resources */,
				04B844552477DEC800902367 /* corn-on-the-cob@2x.jpg in Resources */,
				04B844912477DEC800902367 /* fresh-baked-croissant-thumb@3x.jpg in Resources */,
				04B844512477DEC800902367 /* maple-french-toast@3x.jpg in Resources */,
				04B844AC2477DEC800902367 /* fillet-steak-thumb@3x.jpg in Resources */,
				04B844922477DEC800902367 /* thai-red-curry-thumb@3x.jpg in Resources */,
				04B844402477DEC800902367 /* strawberry-surprise-thumb@2x.jpg in Resources */,
				04B844422477DEC800902367 /* pesto-farfalle-thumb@2x.jpg in Resources */,
				04B844782477DEC800902367 /* corn-on-the-cob@3x.jpg in Resources */,
				04B844642477DEC800902367 /* powerhouse-coffee-thumb@2x.jpg in Resources */,
				04B8448C2477DEC800902367 /* straight-up-oj-thumb@3x.jpg in Resources */,
				04B8444A2477DEC800902367 /* macarons-galore-thumb@3x.jpg in Resources */,
				04B844AD2477DEC800902367 /* straight-up-oj@3x.jpg in Resources */,
				04B8445B2477DEC800902367 /* cheese-toastie@2x.jpg in Resources */,
				04B844992477DEC800902367 /* penne-carbonara@2x.jpg in Resources */,
				04B8449E2477DEC800902367 /* superfood-salad@3x.jpg in Resources */,
				04B844722477DEC800902367 /* tower-burger-thumb@3x.jpg in Resources */,
				04B8448E2477DEC800902367 /* mexican-mocha@2x.jpg in Resources */,
				04B8443F2477DEC800902367 /* mushroom-tagliatelle-thumb@3x.jpg in Resources */,
				04B844682477DEC800902367 /* chrysanthemum-tea-thumb@2x.jpg in Resources */,
				04B8447B2477DEC800902367 /* pepperoni-pizza@2x.jpg in Resources */,
				04B8448B2477DEC800902367 /* strawberry-surprise@3x.jpg in Resources */,
			);
			runOnlyForDeploymentPostprocessing = 0;
		};
		04B843AA2477BDBA00902367 /* Resources */ = {
			isa = PBXResourcesBuildPhase;
			buildActionMask = 2147483647;
			files = (
			);
			runOnlyForDeploymentPostprocessing = 0;
		};
		04B843B52477BDBA00902367 /* Resources */ = {
			isa = PBXResourcesBuildPhase;
			buildActionMask = 2147483647;
			files = (
			);
			runOnlyForDeploymentPostprocessing = 0;
		};
/* End PBXResourcesBuildPhase section */

/* Begin PBXSourcesBuildPhase section */
		04B843922477BDB500902367 /* Sources */ = {
			isa = PBXSourcesBuildPhase;
			buildActionMask = 2147483647;
			files = (
				E9505E372C3E2892001F55B3 /* AppDelegate.swift in Sources */,
				04B844B02477DEC800902367 /* Order.swift in Sources */,
				E9C971152B3A7FBF00FDC2EF /* HomeView.swift in Sources */,
				E9C9711F2B3BAE0A00FDC2EF /* ListView.swift in Sources */,
				E9C971112B3A62AA00FDC2EF /* SUIApp.swift in Sources */,
				04B8439E2477BDB500902367 /* FavoritesView.swift in Sources */,
				04B844AE2477DEC800902367 /* Helper.swift in Sources */,
				E9405B982D7EEA200072F7DC /* DetailView.swift in Sources */,
				E9C971132B3A7AE500FDC2EF /* iOSScene.swift in Sources */,
				E9C971172B3A803400FDC2EF /* StoryView.swift in Sources */,
				04B844AF2477DEC800902367 /* Menu.swift in Sources */,
				E9C971192B3A80C800FDC2EF /* FunFactsView.swift in Sources */,
				E9505E392C3E2E3B001F55B3 /* SceneDelegate.swift in Sources */,
			);
			runOnlyForDeploymentPostprocessing = 0;
		};
		04B843A82477BDBA00902367 /* Sources */ = {
			isa = PBXSourcesBuildPhase;
			buildActionMask = 2147483647;
			files = (
				04B843B12477BDBA00902367 /* SUITests.swift in Sources */,
			);
			runOnlyForDeploymentPostprocessing = 0;
		};
		04B843B32477BDBA00902367 /* Sources */ = {
			isa = PBXSourcesBuildPhase;
			buildActionMask = 2147483647;
			files = (
				04B843BC2477BDBA00902367 /* SUIUITests.swift in Sources */,
			);
			runOnlyForDeploymentPostprocessing = 0;
		};
/* End PBXSourcesBuildPhase section */

/* Begin PBXTargetDependency section */
		04B843AE2477BDBA00902367 /* PBXTargetDependency */ = {
			isa = PBXTargetDependency;
			target = 04B843952477BDB500902367 /* SUI */;
			targetProxy = 04B843AD2477BDBA00902367 /* PBXContainerItemProxy */;
		};
		04B843B92477BDBA00902367 /* PBXTargetDependency */ = {
			isa = PBXTargetDependency;
			target = 04B843952477BDB500902367 /* SUI */;
			targetProxy = 04B843B82477BDBA00902367 /* PBXContainerItemProxy */;
		};
/* End PBXTargetDependency section */

/* Begin PBXVariantGroup section */
		04B843A42477BDBA00902367 /* LaunchScreen.storyboard */ = {
			isa = PBXVariantGroup;
			children = (
				04B843A52477BDBA00902367 /* Base */,
			);
			name = LaunchScreen.storyboard;
			sourceTree = "<group>";
		};
/* End PBXVariantGroup section */

/* Begin XCBuildConfiguration section */
		04B843BE2477BDBA00902367 /* Debug */ = {
			isa = XCBuildConfiguration;
			buildSettings = {
				ALWAYS_SEARCH_USER_PATHS = NO;
				CLANG_ANALYZER_NONNULL = YES;
				CLANG_ANALYZER_NUMBER_OBJECT_CONVERSION = YES_AGGRESSIVE;
				CLANG_CXX_LANGUAGE_STANDARD = "gnu++14";
				CLANG_CXX_LIBRARY = "libc++";
				CLANG_ENABLE_MODULES = YES;
				CLANG_ENABLE_OBJC_ARC = YES;
				CLANG_ENABLE_OBJC_WEAK = YES;
				CLANG_WARN_BLOCK_CAPTURE_AUTORELEASING = YES;
				CLANG_WARN_BOOL_CONVERSION = YES;
				CLANG_WARN_COMMA = YES;
				CLANG_WARN_CONSTANT_CONVERSION = YES;
				CLANG_WARN_DEPRECATED_OBJC_IMPLEMENTATIONS = YES;
				CLANG_WARN_DIRECT_OBJC_ISA_USAGE = YES_ERROR;
				CLANG_WARN_DOCUMENTATION_COMMENTS = YES;
				CLANG_WARN_EMPTY_BODY = YES;
				CLANG_WARN_ENUM_CONVERSION = YES;
				CLANG_WARN_INFINITE_RECURSION = YES;
				CLANG_WARN_INT_CONVERSION = YES;
				CLANG_WARN_NON_LITERAL_NULL_CONVERSION = YES;
				CLANG_WARN_OBJC_IMPLICIT_RETAIN_SELF = YES;
				CLANG_WARN_OBJC_LITERAL_CONVERSION = YES;
				CLANG_WARN_OBJC_ROOT_CLASS = YES_ERROR;
				CLANG_WARN_RANGE_LOOP_ANALYSIS = YES;
				CLANG_WARN_STRICT_PROTOTYPES = YES;
				CLANG_WARN_SUSPICIOUS_MOVE = YES;
				CLANG_WARN_UNGUARDED_AVAILABILITY = YES_AGGRESSIVE;
				CLANG_WARN_UNREACHABLE_CODE = YES;
				CLANG_WARN__DUPLICATE_METHOD_MATCH = YES;
				COPY_PHASE_STRIP = NO;
				DEBUG_INFORMATION_FORMAT = dwarf;
				ENABLE_STRICT_OBJC_MSGSEND = YES;
				ENABLE_TESTABILITY = YES;
				GCC_C_LANGUAGE_STANDARD = gnu11;
				GCC_DYNAMIC_NO_PIC = NO;
				GCC_NO_COMMON_BLOCKS = YES;
				GCC_OPTIMIZATION_LEVEL = 0;
				GCC_PREPROCESSOR_DEFINITIONS = (
					"DEBUG=1",
					"$(inherited)",
				);
				GCC_WARN_64_TO_32_BIT_CONVERSION = YES;
				GCC_WARN_ABOUT_RETURN_TYPE = YES_ERROR;
				GCC_WARN_UNDECLARED_SELECTOR = YES;
				GCC_WARN_UNINITIALIZED_AUTOS = YES_AGGRESSIVE;
				GCC_WARN_UNUSED_FUNCTION = YES;
				GCC_WARN_UNUSED_VARIABLE = YES;
				IPHONEOS_DEPLOYMENT_TARGET = 13.4;
				MTL_ENABLE_DEBUG_INFO = INCLUDE_SOURCE;
				MTL_FAST_MATH = YES;
				ONLY_ACTIVE_ARCH = YES;
				SDKROOT = iphoneos;
				SWIFT_ACTIVE_COMPILATION_CONDITIONS = DEBUG;
				SWIFT_OPTIMIZATION_LEVEL = "-Onone";
			};
			name = Debug;
		};
		04B843BF2477BDBA00902367 /* Release */ = {
			isa = XCBuildConfiguration;
			buildSettings = {
				ALWAYS_SEARCH_USER_PATHS = NO;
				CLANG_ANALYZER_NONNULL = YES;
				CLANG_ANALYZER_NUMBER_OBJECT_CONVERSION = YES_AGGRESSIVE;
				CLANG_CXX_LANGUAGE_STANDARD = "gnu++14";
				CLANG_CXX_LIBRARY = "libc++";
				CLANG_ENABLE_MODULES = YES;
				CLANG_ENABLE_OBJC_ARC = YES;
				CLANG_ENABLE_OBJC_WEAK = YES;
				CLANG_WARN_BLOCK_CAPTURE_AUTORELEASING = YES;
				CLANG_WARN_BOOL_CONVERSION = YES;
				CLANG_WARN_COMMA = YES;
				CLANG_WARN_CONSTANT_CONVERSION = YES;
				CLANG_WARN_DEPRECATED_OBJC_IMPLEMENTATIONS = YES;
				CLANG_WARN_DIRECT_OBJC_ISA_USAGE = YES_ERROR;
				CLANG_WARN_DOCUMENTATION_COMMENTS = YES;
				CLANG_WARN_EMPTY_BODY = YES;
				CLANG_WARN_ENUM_CONVERSION = YES;
				CLANG_WARN_INFINITE_RECURSION = YES;
				CLANG_WARN_INT_CONVERSION = YES;
				CLANG_WARN_NON_LITERAL_NULL_CONVERSION = YES;
				CLANG_WARN_OBJC_IMPLICIT_RETAIN_SELF = YES;
				CLANG_WARN_OBJC_LITERAL_CONVERSION = YES;
				CLANG_WARN_OBJC_ROOT_CLASS = YES_ERROR;
				CLANG_WARN_RANGE_LOOP_ANALYSIS = YES;
				CLANG_WARN_STRICT_PROTOTYPES = YES;
				CLANG_WARN_SUSPICIOUS_MOVE = YES;
				CLANG_WARN_UNGUARDED_AVAILABILITY = YES_AGGRESSIVE;
				CLANG_WARN_UNREACHABLE_CODE = YES;
				CLANG_WARN__DUPLICATE_METHOD_MATCH = YES;
				COPY_PHASE_STRIP = NO;
				DEBUG_INFORMATION_FORMAT = "dwarf-with-dsym";
				ENABLE_NS_ASSERTIONS = NO;
				ENABLE_STRICT_OBJC_MSGSEND = YES;
				GCC_C_LANGUAGE_STANDARD = gnu11;
				GCC_NO_COMMON_BLOCKS = YES;
				GCC_WARN_64_TO_32_BIT_CONVERSION = YES;
				GCC_WARN_ABOUT_RETURN_TYPE = YES_ERROR;
				GCC_WARN_UNDECLARED_SELECTOR = YES;
				GCC_WARN_UNINITIALIZED_AUTOS = YES_AGGRESSIVE;
				GCC_WARN_UNUSED_FUNCTION = YES;
				GCC_WARN_UNUSED_VARIABLE = YES;
				IPHONEOS_DEPLOYMENT_TARGET = 13.4;
				MTL_ENABLE_DEBUG_INFO = NO;
				MTL_FAST_MATH = YES;
				SDKROOT = iphoneos;
				SWIFT_COMPILATION_MODE = wholemodule;
				SWIFT_OPTIMIZATION_LEVEL = "-O";
				VALIDATE_PRODUCT = YES;
			};
			name = Release;
		};
		04B843C12477BDBA00902367 /* Debug */ = {
			isa = XCBuildConfiguration;
			buildSettings = {
				ASSETCATALOG_COMPILER_APPICON_NAME = AppIcon;
				CODE_SIGN_STYLE = Automatic;
				DEVELOPMENT_ASSET_PATHS = "\"SUI/Preview Content\"";
				DEVELOPMENT_TEAM = BJ8BDGHJ5V;
				ENABLE_PREVIEWS = YES;
				INFOPLIST_FILE = SUI/Info.plist;
				IPHONEOS_DEPLOYMENT_TARGET = 14.0;
				LD_RUNPATH_SEARCH_PATHS = (
					"$(inherited)",
					"@executable_path/Frameworks",
				);
				PRODUCT_BUNDLE_IDENTIFIER = com.develop.yct;
				PRODUCT_NAME = "$(TARGET_NAME)";
				SWIFT_VERSION = 5.0;
				TARGETED_DEVICE_FAMILY = "1,2";
			};
			name = Debug;
		};
		04B843C22477BDBA00902367 /* Release */ = {
			isa = XCBuildConfiguration;
			buildSettings = {
				ASSETCATALOG_COMPILER_APPICON_NAME = AppIcon;
				CODE_SIGN_STYLE = Automatic;
				DEVELOPMENT_ASSET_PATHS = "\"SUI/Preview Content\"";
				DEVELOPMENT_TEAM = BJ8BDGHJ5V;
				ENABLE_PREVIEWS = YES;
				INFOPLIST_FILE = SUI/Info.plist;
				IPHONEOS_DEPLOYMENT_TARGET = 14.0;
				LD_RUNPATH_SEARCH_PATHS = (
					"$(inherited)",
					"@executable_path/Frameworks",
				);
				PRODUCT_BUNDLE_IDENTIFIER = com.develop.yct;
				PRODUCT_NAME = "$(TARGET_NAME)";
				SWIFT_VERSION = 5.0;
				TARGETED_DEVICE_FAMILY = "1,2";
			};
			name = Release;
		};
		04B843C42477BDBA00902367 /* Debug */ = {
			isa = XCBuildConfiguration;
			buildSettings = {
				ALWAYS_EMBED_SWIFT_STANDARD_LIBRARIES = YES;
				BUNDLE_LOADER = "$(TEST_HOST)";
				CODE_SIGN_STYLE = Automatic;
				DEVELOPMENT_TEAM = N3HB8GN749;
				INFOPLIST_FILE = SUITests/Info.plist;
				IPHONEOS_DEPLOYMENT_TARGET = 13.4;
				LD_RUNPATH_SEARCH_PATHS = (
					"$(inherited)",
					"@executable_path/Frameworks",
					"@loader_path/Frameworks",
				);
				PRODUCT_BUNDLE_IDENTIFIER = com.YYDDL.SUITests;
				PRODUCT_NAME = "$(TARGET_NAME)";
				SWIFT_VERSION = 5.0;
				TARGETED_DEVICE_FAMILY = "1,2";
				TEST_HOST = "$(BUILT_PRODUCTS_DIR)/SUI.app/SUI";
			};
			name = Debug;
		};
		04B843C52477BDBA00902367 /* Release */ = {
			isa = XCBuildConfiguration;
			buildSettings = {
				ALWAYS_EMBED_SWIFT_STANDARD_LIBRARIES = YES;
				BUNDLE_LOADER = "$(TEST_HOST)";
				CODE_SIGN_STYLE = Automatic;
				DEVELOPMENT_TEAM = N3HB8GN749;
				INFOPLIST_FILE = SUITests/Info.plist;
				IPHONEOS_DEPLOYMENT_TARGET = 13.4;
				LD_RUNPATH_SEARCH_PATHS = (
					"$(inherited)",
					"@executable_path/Frameworks",
					"@loader_path/Frameworks",
				);
				PRODUCT_BUNDLE_IDENTIFIER = com.YYDDL.SUITests;
				PRODUCT_NAME = "$(TARGET_NAME)";
				SWIFT_VERSION = 5.0;
				TARGETED_DEVICE_FAMILY = "1,2";
				TEST_HOST = "$(BUILT_PRODUCTS_DIR)/SUI.app/SUI";
			};
			name = Release;
		};
		04B843C72477BDBA00902367 /* Debug */ = {
			isa = XCBuildConfiguration;
			buildSettings = {
				ALWAYS_EMBED_SWIFT_STANDARD_LIBRARIES = YES;
				CODE_SIGN_STYLE = Automatic;
				DEVELOPMENT_TEAM = N3HB8GN749;
				INFOPLIST_FILE = SUIUITests/Info.plist;
				LD_RUNPATH_SEARCH_PATHS = (
					"$(inherited)",
					"@executable_path/Frameworks",
					"@loader_path/Frameworks",
				);
				PRODUCT_BUNDLE_IDENTIFIER = com.YYDDL.SUIUITests;
				PRODUCT_NAME = "$(TARGET_NAME)";
				SWIFT_VERSION = 5.0;
				TARGETED_DEVICE_FAMILY = "1,2";
				TEST_TARGET_NAME = SUI;
			};
			name = Debug;
		};
		04B843C82477BDBA00902367 /* Release */ = {
			isa = XCBuildConfiguration;
			buildSettings = {
				ALWAYS_EMBED_SWIFT_STANDARD_LIBRARIES = YES;
				CODE_SIGN_STYLE = Automatic;
				DEVELOPMENT_TEAM = N3HB8GN749;
				INFOPLIST_FILE = SUIUITests/Info.plist;
				LD_RUNPATH_SEARCH_PATHS = (
					"$(inherited)",
					"@executable_path/Frameworks",
					"@loader_path/Frameworks",
				);
				PRODUCT_BUNDLE_IDENTIFIER = com.YYDDL.SUIUITests;
				PRODUCT_NAME = "$(TARGET_NAME)";
				SWIFT_VERSION = 5.0;
				TARGETED_DEVICE_FAMILY = "1,2";
				TEST_TARGET_NAME = SUI;
			};
			name = Release;
		};
/* End XCBuildConfiguration section */

/* Begin XCConfigurationList section */
		04B843912477BDB500902367 /* Build configuration list for PBXProject "SUI" */ = {
			isa = XCConfigurationList;
			buildConfigurations = (
				04B843BE2477BDBA00902367 /* Debug */,
				04B843BF2477BDBA00902367 /* Release */,
			);
			defaultConfigurationIsVisible = 0;
			defaultConfigurationName = Release;
		};
		04B843C02477BDBA00902367 /* Build configuration list for PBXNativeTarget "SUI" */ = {
			isa = XCConfigurationList;
			buildConfigurations = (
				04B843C12477BDBA00902367 /* Debug */,
				04B843C22477BDBA00902367 /* Release */,
			);
			defaultConfigurationIsVisible = 0;
			defaultConfigurationName = Release;
		};
		04B843C32477BDBA00902367 /* Build configuration list for PBXNativeTarget "SUITests" */ = {
			isa = XCConfigurationList;
			buildConfigurations = (
				04B843C42477BDBA00902367 /* Debug */,
				04B843C52477BDBA00902367 /* Release */,
			);
			defaultConfigurationIsVisible = 0;
			defaultConfigurationName = Release;
		};
		04B843C62477BDBA00902367 /* Build configuration list for PBXNativeTarget "SUIUITests" */ = {
			isa = XCConfigurationList;
			buildConfigurations = (
				04B843C72477BDBA00902367 /* Debug */,
				04B843C82477BDBA00902367 /* Release */,
			);
			defaultConfigurationIsVisible = 0;
			defaultConfigurationName = Release;
		};
/* End XCConfigurationList section */
	};
	rootObject = 04B8438E2477BDB500902367 /* Project object */;
}
